// !$*UTF8*$!
{
	archiveVersion = 1;
	classes = {
	};
	objectVersion = 45;
	objects = {

/* Begin PBXBuildFile section */
		1D3623260D0F684500981E51 /* HackerNewsAppDelegate.m in Sources */ = {isa = PBXBuildFile; fileRef = 1D3623250D0F684500981E51 /* HackerNewsAppDelegate.m */; };
		1D60589B0D05DD56006BFB54 /* main.m in Sources */ = {isa = PBXBuildFile; fileRef = 29B97316FDCFA39411CA2CEA /* main.m */; };
		1D60589F0D05DD5A006BFB54 /* Foundation.framework in Frameworks */ = {isa = PBXBuildFile; fileRef = 1D30AB110D05D00D00671497 /* Foundation.framework */; };
		1DF5F4E00D08C38300B7A737 /* UIKit.framework in Frameworks */ = {isa = PBXBuildFile; fileRef = 1DF5F4DF0D08C38300B7A737 /* UIKit.framework */; };
		288765A50DF7441C002DB57D /* CoreGraphics.framework in Frameworks */ = {isa = PBXBuildFile; fileRef = 288765A40DF7441C002DB57D /* CoreGraphics.framework */; };
		28AD733F0D9D9553002E5188 /* MainWindow.xib in Resources */ = {isa = PBXBuildFile; fileRef = 28AD733E0D9D9553002E5188 /* MainWindow.xib */; };
		28C3AD8A0F43EF2300507BA6 /* HackerNews.xcdatamodel in Sources */ = {isa = PBXBuildFile; fileRef = 28C3AD890F43EF2300507BA6 /* HackerNews.xcdatamodel */; };
		28D801B40F44B63D00FB423F /* CoreData.framework in Frameworks */ = {isa = PBXBuildFile; fileRef = 28D801B30F44B63D00FB423F /* CoreData.framework */; };
		4C60CA751004235F0037484C /* HNParser.m in Sources */ = {isa = PBXBuildFile; fileRef = 4C60CA741004235F0037484C /* HNParser.m */; };
		4C60CABE100427250037484C /* HNStory.m in Sources */ = {isa = PBXBuildFile; fileRef = 4C60CABD100427250037484C /* HNStory.m */; };
		4C60D046100432FE0037484C /* RootViewController.m in Sources */ = {isa = PBXBuildFile; fileRef = 4C60D045100432FE0037484C /* RootViewController.m */; };
		4C60D1E4100462640037484C /* CDataChunk.m in Sources */ = {isa = PBXBuildFile; fileRef = 4C60D1C3100462640037484C /* CDataChunk.m */; };
		4C60D1E5100462640037484C /* Chunk.m in Sources */ = {isa = PBXBuildFile; fileRef = 4C60D1C5100462640037484C /* Chunk.m */; };
		4C60D1E6100462640037484C /* CommentChunk.m in Sources */ = {isa = PBXBuildFile; fileRef = 4C60D1C7100462640037484C /* CommentChunk.m */; };
		4C60D1E7100462640037484C /* CSSPartMatcher.m in Sources */ = {isa = PBXBuildFile; fileRef = 4C60D1C9100462640037484C /* CSSPartMatcher.m */; };
		4C60D1E8100462640037484C /* CSSSelector.m in Sources */ = {isa = PBXBuildFile; fileRef = 4C60D1CB100462640037484C /* CSSSelector.m */; };
		4C60D1E9100462640037484C /* CSSSelectorMatcher.m in Sources */ = {isa = PBXBuildFile; fileRef = 4C60D1CD100462640037484C /* CSSSelectorMatcher.m */; };
		4C60D1EA100462640037484C /* CSSSelectorPart.m in Sources */ = {isa = PBXBuildFile; fileRef = 4C60D1CF100462640037484C /* CSSSelectorPart.m */; };
		4C60D1EB100462640037484C /* DoctypeChunk.m in Sources */ = {isa = PBXBuildFile; fileRef = 4C60D1D1100462640037484C /* DoctypeChunk.m */; };
		4C60D1EC100462640037484C /* DocumentRoot.m in Sources */ = {isa = PBXBuildFile; fileRef = 4C60D1D3100462640037484C /* DocumentRoot.m */; };
		4C60D1ED100462640037484C /* Element.m in Sources */ = {isa = PBXBuildFile; fileRef = 4C60D1D5100462640037484C /* Element.m */; };
		4C60D1EE100462640037484C /* ElementParser.m in Sources */ = {isa = PBXBuildFile; fileRef = 4C60D1D7100462640037484C /* ElementParser.m */; };
		4C60D1EF100462640037484C /* EntityChunk.m in Sources */ = {isa = PBXBuildFile; fileRef = 4C60D1D9100462640037484C /* EntityChunk.m */; };
		4C60D1F0100462640037484C /* NSString_HTML.m in Sources */ = {isa = PBXBuildFile; fileRef = 4C60D1DB100462640037484C /* NSString_HTML.m */; };
		4C60D1F1100462640037484C /* ProcessingInstructionChunk.m in Sources */ = {isa = PBXBuildFile; fileRef = 4C60D1DD100462640037484C /* ProcessingInstructionChunk.m */; };
		4C60D1F2100462640037484C /* TagChunk.m in Sources */ = {isa = PBXBuildFile; fileRef = 4C60D1DF100462640037484C /* TagChunk.m */; };
		4C60D1F3100462640037484C /* TxtChunk.m in Sources */ = {isa = PBXBuildFile; fileRef = 4C60D1E1100462640037484C /* TxtChunk.m */; };
		4C60D1F4100462640037484C /* URLParser.m in Sources */ = {isa = PBXBuildFile; fileRef = 4C60D1E3100462640037484C /* URLParser.m */; };
/* End PBXBuildFile section */

/* Begin PBXFileReference section */
		1D30AB110D05D00D00671497 /* Foundation.framework */ = {isa = PBXFileReference; lastKnownFileType = wrapper.framework; name = Foundation.framework; path = System/Library/Frameworks/Foundation.framework; sourceTree = SDKROOT; };
		1D3623240D0F684500981E51 /* HackerNewsAppDelegate.h */ = {isa = PBXFileReference; fileEncoding = 4; lastKnownFileType = sourcecode.c.h; name = HackerNewsAppDelegate.h; path = Classes/HackerNewsAppDelegate.h; sourceTree = "<group>"; };
		1D3623250D0F684500981E51 /* HackerNewsAppDelegate.m */ = {isa = PBXFileReference; fileEncoding = 4; lastKnownFileType = sourcecode.c.objc; name = HackerNewsAppDelegate.m; path = Classes/HackerNewsAppDelegate.m; sourceTree = "<group>"; };
		1D6058910D05DD3D006BFB54 /* HackerNews.app */ = {isa = PBXFileReference; explicitFileType = wrapper.application; includeInIndex = 0; path = HackerNews.app; sourceTree = BUILT_PRODUCTS_DIR; };
		1DF5F4DF0D08C38300B7A737 /* UIKit.framework */ = {isa = PBXFileReference; lastKnownFileType = wrapper.framework; name = UIKit.framework; path = System/Library/Frameworks/UIKit.framework; sourceTree = SDKROOT; };
		288765A40DF7441C002DB57D /* CoreGraphics.framework */ = {isa = PBXFileReference; lastKnownFileType = wrapper.framework; name = CoreGraphics.framework; path = System/Library/Frameworks/CoreGraphics.framework; sourceTree = SDKROOT; };
		28AD733E0D9D9553002E5188 /* MainWindow.xib */ = {isa = PBXFileReference; lastKnownFileType = file.xib; path = MainWindow.xib; sourceTree = "<group>"; };
		28C3AD890F43EF2300507BA6 /* HackerNews.xcdatamodel */ = {isa = PBXFileReference; fileEncoding = 4; lastKnownFileType = wrapper.xcdatamodel; path = HackerNews.xcdatamodel; sourceTree = "<group>"; };
		28D801B30F44B63D00FB423F /* CoreData.framework */ = {isa = PBXFileReference; lastKnownFileType = wrapper.framework; name = CoreData.framework; path = System/Library/Frameworks/CoreData.framework; sourceTree = SDKROOT; };
		29B97316FDCFA39411CA2CEA /* main.m */ = {isa = PBXFileReference; fileEncoding = 4; lastKnownFileType = sourcecode.c.objc; path = main.m; sourceTree = "<group>"; };
		32CA4F630368D1EE00C91783 /* HackerNews_Prefix.pch */ = {isa = PBXFileReference; fileEncoding = 4; lastKnownFileType = sourcecode.c.h; path = HackerNews_Prefix.pch; sourceTree = "<group>"; };
		4C60CA731004235F0037484C /* HNParser.h */ = {isa = PBXFileReference; fileEncoding = 4; lastKnownFileType = sourcecode.c.h; path = HNParser.h; sourceTree = "<group>"; };
		4C60CA741004235F0037484C /* HNParser.m */ = {isa = PBXFileReference; fileEncoding = 4; lastKnownFileType = sourcecode.c.objc; path = HNParser.m; sourceTree = "<group>"; };
		4C60CABC100427250037484C /* HNStory.h */ = {isa = PBXFileReference; fileEncoding = 4; lastKnownFileType = sourcecode.c.h; path = HNStory.h; sourceTree = "<group>"; };
		4C60CABD100427250037484C /* HNStory.m */ = {isa = PBXFileReference; fileEncoding = 4; lastKnownFileType = sourcecode.c.objc; path = HNStory.m; sourceTree = "<group>"; };
		4C60D044100432FE0037484C /* RootViewController.h */ = {isa = PBXFileReference; fileEncoding = 4; lastKnownFileType = sourcecode.c.h; path = RootViewController.h; sourceTree = "<group>"; };
		4C60D045100432FE0037484C /* RootViewController.m */ = {isa = PBXFileReference; fileEncoding = 4; lastKnownFileType = sourcecode.c.objc; path = RootViewController.m; sourceTree = "<group>"; };
		4C60D1C2100462640037484C /* CDataChunk.h */ = {isa = PBXFileReference; fileEncoding = 4; lastKnownFileType = sourcecode.c.h; path = CDataChunk.h; sourceTree = "<group>"; };
		4C60D1C3100462640037484C /* CDataChunk.m */ = {isa = PBXFileReference; fileEncoding = 4; lastKnownFileType = sourcecode.c.objc; path = CDataChunk.m; sourceTree = "<group>"; };
		4C60D1C4100462640037484C /* Chunk.h */ = {isa = PBXFileReference; fileEncoding = 4; lastKnownFileType = sourcecode.c.h; path = Chunk.h; sourceTree = "<group>"; };
		4C60D1C5100462640037484C /* Chunk.m */ = {isa = PBXFileReference; fileEncoding = 4; lastKnownFileType = sourcecode.c.objc; path = Chunk.m; sourceTree = "<group>"; };
		4C60D1C6100462640037484C /* CommentChunk.h */ = {isa = PBXFileReference; fileEncoding = 4; lastKnownFileType = sourcecode.c.h; path = CommentChunk.h; sourceTree = "<group>"; };
		4C60D1C7100462640037484C /* CommentChunk.m */ = {isa = PBXFileReference; fileEncoding = 4; lastKnownFileType = sourcecode.c.objc; path = CommentChunk.m; sourceTree = "<group>"; };
		4C60D1C8100462640037484C /* CSSPartMatcher.h */ = {isa = PBXFileReference; fileEncoding = 4; lastKnownFileType = sourcecode.c.h; path = CSSPartMatcher.h; sourceTree = "<group>"; };
		4C60D1C9100462640037484C /* CSSPartMatcher.m */ = {isa = PBXFileReference; fileEncoding = 4; lastKnownFileType = sourcecode.c.objc; path = CSSPartMatcher.m; sourceTree = "<group>"; };
		4C60D1CA100462640037484C /* CSSSelector.h */ = {isa = PBXFileReference; fileEncoding = 4; lastKnownFileType = sourcecode.c.h; path = CSSSelector.h; sourceTree = "<group>"; };
		4C60D1CB100462640037484C /* CSSSelector.m */ = {isa = PBXFileReference; fileEncoding = 4; lastKnownFileType = sourcecode.c.objc; path = CSSSelector.m; sourceTree = "<group>"; };
		4C60D1CC100462640037484C /* CSSSelectorMatcher.h */ = {isa = PBXFileReference; fileEncoding = 4; lastKnownFileType = sourcecode.c.h; path = CSSSelectorMatcher.h; sourceTree = "<group>"; };
		4C60D1CD100462640037484C /* CSSSelectorMatcher.m */ = {isa = PBXFileReference; fileEncoding = 4; lastKnownFileType = sourcecode.c.objc; path = CSSSelectorMatcher.m; sourceTree = "<group>"; };
		4C60D1CE100462640037484C /* CSSSelectorPart.h */ = {isa = PBXFileReference; fileEncoding = 4; lastKnownFileType = sourcecode.c.h; path = CSSSelectorPart.h; sourceTree = "<group>"; };
		4C60D1CF100462640037484C /* CSSSelectorPart.m */ = {isa = PBXFileReference; fileEncoding = 4; lastKnownFileType = sourcecode.c.objc; path = CSSSelectorPart.m; sourceTree = "<group>"; };
		4C60D1D0100462640037484C /* DoctypeChunk.h */ = {isa = PBXFileReference; fileEncoding = 4; lastKnownFileType = sourcecode.c.h; path = DoctypeChunk.h; sourceTree = "<group>"; };
		4C60D1D1100462640037484C /* DoctypeChunk.m */ = {isa = PBXFileReference; fileEncoding = 4; lastKnownFileType = sourcecode.c.objc; path = DoctypeChunk.m; sourceTree = "<group>"; };
		4C60D1D2100462640037484C /* DocumentRoot.h */ = {isa = PBXFileReference; fileEncoding = 4; lastKnownFileType = sourcecode.c.h; path = DocumentRoot.h; sourceTree = "<group>"; };
		4C60D1D3100462640037484C /* DocumentRoot.m */ = {isa = PBXFileReference; fileEncoding = 4; lastKnownFileType = sourcecode.c.objc; path = DocumentRoot.m; sourceTree = "<group>"; };
		4C60D1D4100462640037484C /* Element.h */ = {isa = PBXFileReference; fileEncoding = 4; lastKnownFileType = sourcecode.c.h; path = Element.h; sourceTree = "<group>"; };
		4C60D1D5100462640037484C /* Element.m */ = {isa = PBXFileReference; fileEncoding = 4; lastKnownFileType = sourcecode.c.objc; path = Element.m; sourceTree = "<group>"; };
		4C60D1D6100462640037484C /* ElementParser.h */ = {isa = PBXFileReference; fileEncoding = 4; lastKnownFileType = sourcecode.c.h; path = ElementParser.h; sourceTree = "<group>"; };
		4C60D1D7100462640037484C /* ElementParser.m */ = {isa = PBXFileReference; fileEncoding = 4; lastKnownFileType = sourcecode.c.objc; path = ElementParser.m; sourceTree = "<group>"; };
		4C60D1D8100462640037484C /* EntityChunk.h */ = {isa = PBXFileReference; fileEncoding = 4; lastKnownFileType = sourcecode.c.h; path = EntityChunk.h; sourceTree = "<group>"; };
		4C60D1D9100462640037484C /* EntityChunk.m */ = {isa = PBXFileReference; fileEncoding = 4; lastKnownFileType = sourcecode.c.objc; path = EntityChunk.m; sourceTree = "<group>"; };
		4C60D1DA100462640037484C /* NSString_HTML.h */ = {isa = PBXFileReference; fileEncoding = 4; lastKnownFileType = sourcecode.c.h; path = NSString_HTML.h; sourceTree = "<group>"; };
		4C60D1DB100462640037484C /* NSString_HTML.m */ = {isa = PBXFileReference; fileEncoding = 4; lastKnownFileType = sourcecode.c.objc; path = NSString_HTML.m; sourceTree = "<group>"; };
		4C60D1DC100462640037484C /* ProcessingInstructionChunk.h */ = {isa = PBXFileReference; fileEncoding = 4; lastKnownFileType = sourcecode.c.h; path = ProcessingInstructionChunk.h; sourceTree = "<group>"; };
		4C60D1DD100462640037484C /* ProcessingInstructionChunk.m */ = {isa = PBXFileReference; fileEncoding = 4; lastKnownFileType = sourcecode.c.objc; path = ProcessingInstructionChunk.m; sourceTree = "<group>"; };
		4C60D1DE100462640037484C /* TagChunk.h */ = {isa = PBXFileReference; fileEncoding = 4; lastKnownFileType = sourcecode.c.h; path = TagChunk.h; sourceTree = "<group>"; };
		4C60D1DF100462640037484C /* TagChunk.m */ = {isa = PBXFileReference; fileEncoding = 4; lastKnownFileType = sourcecode.c.objc; path = TagChunk.m; sourceTree = "<group>"; };
		4C60D1E0100462640037484C /* TxtChunk.h */ = {isa = PBXFileReference; fileEncoding = 4; lastKnownFileType = sourcecode.c.h; path = TxtChunk.h; sourceTree = "<group>"; };
		4C60D1E1100462640037484C /* TxtChunk.m */ = {isa = PBXFileReference; fileEncoding = 4; lastKnownFileType = sourcecode.c.objc; path = TxtChunk.m; sourceTree = "<group>"; };
		4C60D1E2100462640037484C /* URLParser.h */ = {isa = PBXFileReference; fileEncoding = 4; lastKnownFileType = sourcecode.c.h; path = URLParser.h; sourceTree = "<group>"; };
		4C60D1E3100462640037484C /* URLParser.m */ = {isa = PBXFileReference; fileEncoding = 4; lastKnownFileType = sourcecode.c.objc; path = URLParser.m; sourceTree = "<group>"; };
		8D1107310486CEB800E47090 /* HackerNews-Info.plist */ = {isa = PBXFileReference; fileEncoding = 4; lastKnownFileType = text.plist.xml; path = "HackerNews-Info.plist"; sourceTree = "<group>"; };
/* End PBXFileReference section */

/* Begin PBXFrameworksBuildPhase section */
		1D60588F0D05DD3D006BFB54 /* Frameworks */ = {
			isa = PBXFrameworksBuildPhase;
			buildActionMask = 2147483647;
			files = (
				1D60589F0D05DD5A006BFB54 /* Foundation.framework in Frameworks */,
				1DF5F4E00D08C38300B7A737 /* UIKit.framework in Frameworks */,
				288765A50DF7441C002DB57D /* CoreGraphics.framework in Frameworks */,
				28D801B40F44B63D00FB423F /* CoreData.framework in Frameworks */,
			);
			runOnlyForDeploymentPostprocessing = 0;
		};
/* End PBXFrameworksBuildPhase section */

/* Begin PBXGroup section */
		080E96DDFE201D6D7F000001 /* Classes */ = {
			isa = PBXGroup;
			children = (
				4C60CA731004235F0037484C /* HNParser.h */,
				4C60CA741004235F0037484C /* HNParser.m */,
				4C60CABC100427250037484C /* HNStory.h */,
				4C60CABD100427250037484C /* HNStory.m */,
			);
			path = Classes;
			sourceTree = "<group>";
		};
		19C28FACFE9D520D11CA2CBB /* Products */ = {
			isa = PBXGroup;
			children = (
				1D6058910D05DD3D006BFB54 /* HackerNews.app */,
			);
			name = Products;
			sourceTree = "<group>";
		};
		29B97314FDCFA39411CA2CEA /* CustomTemplate */ = {
			isa = PBXGroup;
			children = (
				1D3623240D0F684500981E51 /* HackerNewsAppDelegate.h */,
				1D3623250D0F684500981E51 /* HackerNewsAppDelegate.m */,
				4C60D043100432E80037484C /* VIewControllers */,
				080E96DDFE201D6D7F000001 /* Classes */,
				29B97315FDCFA39411CA2CEA /* Other Sources */,
				29B97317FDCFA39411CA2CEA /* Resources */,
				29B97323FDCFA39411CA2CEA /* Frameworks */,
				19C28FACFE9D520D11CA2CBB /* Products */,
			);
			name = CustomTemplate;
			sourceTree = "<group>";
		};
		29B97315FDCFA39411CA2CEA /* Other Sources */ = {
			isa = PBXGroup;
			children = (
				32CA4F630368D1EE00C91783 /* HackerNews_Prefix.pch */,
				29B97316FDCFA39411CA2CEA /* main.m */,
			);
			name = "Other Sources";
			sourceTree = "<group>";
		};
		29B97317FDCFA39411CA2CEA /* Resources */ = {
			isa = PBXGroup;
			children = (
				4C60D1C01004624B0037484C /* ElementParser */,
				28C3AD890F43EF2300507BA6 /* HackerNews.xcdatamodel */,
				28AD733E0D9D9553002E5188 /* MainWindow.xib */,
				8D1107310486CEB800E47090 /* HackerNews-Info.plist */,
			);
			name = Resources;
			sourceTree = "<group>";
		};
		29B97323FDCFA39411CA2CEA /* Frameworks */ = {
			isa = PBXGroup;
			children = (
				1DF5F4DF0D08C38300B7A737 /* UIKit.framework */,
				1D30AB110D05D00D00671497 /* Foundation.framework */,
				288765A40DF7441C002DB57D /* CoreGraphics.framework */,
				28D801B30F44B63D00FB423F /* CoreData.framework */,
			);
			name = Frameworks;
			sourceTree = "<group>";
		};
		4C60D043100432E80037484C /* VIewControllers */ = {
			isa = PBXGroup;
			children = (
				4C60D044100432FE0037484C /* RootViewController.h */,
				4C60D045100432FE0037484C /* RootViewController.m */,
			);
			name = VIewControllers;
			sourceTree = "<group>";
		};
		4C60D1C01004624B0037484C /* ElementParser */ = {
			isa = PBXGroup;
			children = (
				4C60D1C2100462640037484C /* CDataChunk.h */,
				4C60D1C3100462640037484C /* CDataChunk.m */,
				4C60D1C4100462640037484C /* Chunk.h */,
				4C60D1C5100462640037484C /* Chunk.m */,
				4C60D1C6100462640037484C /* CommentChunk.h */,
				4C60D1C7100462640037484C /* CommentChunk.m */,
				4C60D1C8100462640037484C /* CSSPartMatcher.h */,
				4C60D1C9100462640037484C /* CSSPartMatcher.m */,
				4C60D1CA100462640037484C /* CSSSelector.h */,
				4C60D1CB100462640037484C /* CSSSelector.m */,
				4C60D1CC100462640037484C /* CSSSelectorMatcher.h */,
				4C60D1CD100462640037484C /* CSSSelectorMatcher.m */,
				4C60D1CE100462640037484C /* CSSSelectorPart.h */,
				4C60D1CF100462640037484C /* CSSSelectorPart.m */,
				4C60D1D0100462640037484C /* DoctypeChunk.h */,
				4C60D1D1100462640037484C /* DoctypeChunk.m */,
				4C60D1D2100462640037484C /* DocumentRoot.h */,
				4C60D1D3100462640037484C /* DocumentRoot.m */,
				4C60D1D4100462640037484C /* Element.h */,
				4C60D1D5100462640037484C /* Element.m */,
				4C60D1D6100462640037484C /* ElementParser.h */,
				4C60D1D7100462640037484C /* ElementParser.m */,
				4C60D1D8100462640037484C /* EntityChunk.h */,
				4C60D1D9100462640037484C /* EntityChunk.m */,
				4C60D1DA100462640037484C /* NSString_HTML.h */,
				4C60D1DB100462640037484C /* NSString_HTML.m */,
				4C60D1DC100462640037484C /* ProcessingInstructionChunk.h */,
				4C60D1DD100462640037484C /* ProcessingInstructionChunk.m */,
				4C60D1DE100462640037484C /* TagChunk.h */,
				4C60D1DF100462640037484C /* TagChunk.m */,
				4C60D1E0100462640037484C /* TxtChunk.h */,
				4C60D1E1100462640037484C /* TxtChunk.m */,
				4C60D1E2100462640037484C /* URLParser.h */,
				4C60D1E3100462640037484C /* URLParser.m */,
			);
			name = ElementParser;
			sourceTree = "<group>";
		};
/* End PBXGroup section */

/* Begin PBXNativeTarget section */
		1D6058900D05DD3D006BFB54 /* HackerNews */ = {
			isa = PBXNativeTarget;
			buildConfigurationList = 1D6058960D05DD3E006BFB54 /* Build configuration list for PBXNativeTarget "HackerNews" */;
			buildPhases = (
				1D60588D0D05DD3D006BFB54 /* Resources */,
				1D60588E0D05DD3D006BFB54 /* Sources */,
				1D60588F0D05DD3D006BFB54 /* Frameworks */,
			);
			buildRules = (
			);
			dependencies = (
			);
			name = HackerNews;
			productName = HackerNews;
			productReference = 1D6058910D05DD3D006BFB54 /* HackerNews.app */;
			productType = "com.apple.product-type.application";
		};
/* End PBXNativeTarget section */

/* Begin PBXProject section */
		29B97313FDCFA39411CA2CEA /* Project object */ = {
			isa = PBXProject;
			buildConfigurationList = C01FCF4E08A954540054247B /* Build configuration list for PBXProject "HackerNews" */;
			compatibilityVersion = "Xcode 3.1";
			hasScannedForEncodings = 1;
			mainGroup = 29B97314FDCFA39411CA2CEA /* CustomTemplate */;
			projectDirPath = "";
			projectRoot = "";
			targets = (
				1D6058900D05DD3D006BFB54 /* HackerNews */,
			);
		};
/* End PBXProject section */

/* Begin PBXResourcesBuildPhase section */
		1D60588D0D05DD3D006BFB54 /* Resources */ = {
			isa = PBXResourcesBuildPhase;
			buildActionMask = 2147483647;
			files = (
				28AD733F0D9D9553002E5188 /* MainWindow.xib in Resources */,
			);
			runOnlyForDeploymentPostprocessing = 0;
		};
/* End PBXResourcesBuildPhase section */

/* Begin PBXSourcesBuildPhase section */
		1D60588E0D05DD3D006BFB54 /* Sources */ = {
			isa = PBXSourcesBuildPhase;
			buildActionMask = 2147483647;
			files = (
				1D60589B0D05DD56006BFB54 /* main.m in Sources */,
				1D3623260D0F684500981E51 /* HackerNewsAppDelegate.m in Sources */,
				28C3AD8A0F43EF2300507BA6 /* HackerNews.xcdatamodel in Sources */,
				4C60CA751004235F0037484C /* HNParser.m in Sources */,
				4C60CABE100427250037484C /* HNStory.m in Sources */,
				4C60D046100432FE0037484C /* RootViewController.m in Sources */,
				4C60D1E4100462640037484C /* CDataChunk.m in Sources */,
				4C60D1E5100462640037484C /* Chunk.m in Sources */,
				4C60D1E6100462640037484C /* CommentChunk.m in Sources */,
				4C60D1E7100462640037484C /* CSSPartMatcher.m in Sources */,
				4C60D1E8100462640037484C /* CSSSelector.m in Sources */,
				4C60D1E9100462640037484C /* CSSSelectorMatcher.m in Sources */,
				4C60D1EA100462640037484C /* CSSSelectorPart.m in Sources */,
				4C60D1EB100462640037484C /* DoctypeChunk.m in Sources */,
				4C60D1EC100462640037484C /* DocumentRoot.m in Sources */,
				4C60D1ED100462640037484C /* Element.m in Sources */,
				4C60D1EE100462640037484C /* ElementParser.m in Sources */,
				4C60D1EF100462640037484C /* EntityChunk.m in Sources */,
				4C60D1F0100462640037484C /* NSString_HTML.m in Sources */,
				4C60D1F1100462640037484C /* ProcessingInstructionChunk.m in Sources */,
				4C60D1F2100462640037484C /* TagChunk.m in Sources */,
				4C60D1F3100462640037484C /* TxtChunk.m in Sources */,
				4C60D1F4100462640037484C /* URLParser.m in Sources */,
			);
			runOnlyForDeploymentPostprocessing = 0;
		};
/* End PBXSourcesBuildPhase section */

/* Begin XCBuildConfiguration section */
		1D6058940D05DD3E006BFB54 /* Debug */ = {
			isa = XCBuildConfiguration;
			buildSettings = {
				ALWAYS_SEARCH_USER_PATHS = NO;
				COPY_PHASE_STRIP = NO;
				FRAMEWORK_SEARCH_PATHS = (
					"$(inherited)",
					"\"/Volumes/Skiiing2/CD/ViewBased/Unknown Path/System/Library/Frameworks\"",
				);
				GCC_DYNAMIC_NO_PIC = NO;
				GCC_OPTIMIZATION_LEVEL = 0;
				GCC_PRECOMPILE_PREFIX_HEADER = YES;
				GCC_PREFIX_HEADER = HackerNews_Prefix.pch;
				INFOPLIST_FILE = "HackerNews-Info.plist";
				PRODUCT_NAME = HackerNews;
			};
			name = Debug;
		};
		1D6058950D05DD3E006BFB54 /* Release */ = {
			isa = XCBuildConfiguration;
			buildSettings = {
				ALWAYS_SEARCH_USER_PATHS = NO;
				COPY_PHASE_STRIP = YES;
				FRAMEWORK_SEARCH_PATHS = (
					"$(inherited)",
					"\"/Volumes/Skiiing2/CD/ViewBased/Unknown Path/System/Library/Frameworks\"",
				);
				GCC_PRECOMPILE_PREFIX_HEADER = YES;
				GCC_PREFIX_HEADER = HackerNews_Prefix.pch;
				INFOPLIST_FILE = "HackerNews-Info.plist";
				PRODUCT_NAME = HackerNews;
			};
			name = Release;
		};
		C01FCF4F08A954540054247B /* Debug */ = {
			isa = XCBuildConfiguration;
			buildSettings = {
				ARCHS = "$(ARCHS_STANDARD_32_BIT)";
				"CODE_SIGN_IDENTITY[sdk=iphoneos*]" = "iPhone Developer";
				GCC_C_LANGUAGE_STANDARD = c99;
				GCC_WARN_ABOUT_RETURN_TYPE = YES;
				GCC_WARN_UNUSED_VARIABLE = YES;
				HEADER_SEARCH_PATHS = /usr/include/libxml2;
				OTHER_LDFLAGS = "-lxml2";
				PREBINDING = NO;
				SDKROOT = iphoneos3.0;
			};
			name = Debug;
		};
		C01FCF5008A954540054247B /* Release */ = {
			isa = XCBuildConfiguration;
			buildSettings = {
				ARCHS = "$(ARCHS_STANDARD_32_BIT)";
				"CODE_SIGN_IDENTITY[sdk=iphoneos*]" = "iPhone Developer";
				GCC_C_LANGUAGE_STANDARD = c99;
				GCC_WARN_ABOUT_RETURN_TYPE = YES;
				GCC_WARN_UNUSED_VARIABLE = YES;
				HEADER_SEARCH_PATHS = /usr/include/libxml2;
				OTHER_LDFLAGS = "-lxml2";
				PREBINDING = NO;
				SDKROOT = iphoneos3.0;
			};
			name = Release;
		};
/* End XCBuildConfiguration section */

/* Begin XCConfigurationList section */
		1D6058960D05DD3E006BFB54 /* Build configuration list for PBXNativeTarget "HackerNews" */ = {
			isa = XCConfigurationList;
			buildConfigurations = (
				1D6058940D05DD3E006BFB54 /* Debug */,
				1D6058950D05DD3E006BFB54 /* Release */,
			);
			defaultConfigurationIsVisible = 0;
			defaultConfigurationName = Release;
		};
		C01FCF4E08A954540054247B /* Build configuration list for PBXProject "HackerNews" */ = {
			isa = XCConfigurationList;
			buildConfigurations = (
				C01FCF4F08A954540054247B /* Debug */,
				C01FCF5008A954540054247B /* Release */,
			);
			defaultConfigurationIsVisible = 0;
			defaultConfigurationName = Release;
		};
/* End XCConfigurationList section */
	};
	rootObject = 29B97313FDCFA39411CA2CEA /* Project object */;
}
