// !$*UTF8*$!
{
	archiveVersion = 1;
	classes = {
	};
	objectVersion = 45;
	objects = {

/* Begin PBXBuildFile section */
		1D60589B0D05DD56006BFB54 /* main.m in Sources */ = {isa = PBXBuildFile; fileRef = 29B97316FDCFA39411CA2CEA /* main.m */; };
		1D60589F0D05DD5A006BFB54 /* Foundation.framework in Frameworks */ = {isa = PBXBuildFile; fileRef = 1D30AB110D05D00D00671497 /* Foundation.framework */; };
		1DF5F4E00D08C38300B7A737 /* UIKit.framework in Frameworks */ = {isa = PBXBuildFile; fileRef = 1DF5F4DF0D08C38300B7A737 /* UIKit.framework */; };
		288765A50DF7441C002DB57D /* CoreGraphics.framework in Frameworks */ = {isa = PBXBuildFile; fileRef = 288765A40DF7441C002DB57D /* CoreGraphics.framework */; };
		28C3AD8A0F43EF2300507BA6 /* HackerNews.xcdatamodel in Sources */ = {isa = PBXBuildFile; fileRef = 28C3AD890F43EF2300507BA6 /* HackerNews.xcdatamodel */; };
		28D801B40F44B63D00FB423F /* CoreData.framework in Frameworks */ = {isa = PBXBuildFile; fileRef = 28D801B30F44B63D00FB423F /* CoreData.framework */; };
		4CDDC4BC1004FEC600E300E4 /* CDataChunk.m in Sources */ = {isa = PBXBuildFile; fileRef = 4CDDC48B1004FEC600E300E4 /* CDataChunk.m */; };
		4CDDC4BD1004FEC600E300E4 /* Chunk.m in Sources */ = {isa = PBXBuildFile; fileRef = 4CDDC48D1004FEC600E300E4 /* Chunk.m */; };
		4CDDC4BE1004FEC600E300E4 /* CommentChunk.m in Sources */ = {isa = PBXBuildFile; fileRef = 4CDDC48F1004FEC600E300E4 /* CommentChunk.m */; };
		4CDDC4BF1004FEC600E300E4 /* CSSPartMatcher.m in Sources */ = {isa = PBXBuildFile; fileRef = 4CDDC4911004FEC600E300E4 /* CSSPartMatcher.m */; };
		4CDDC4C01004FEC600E300E4 /* CSSSelector.m in Sources */ = {isa = PBXBuildFile; fileRef = 4CDDC4931004FEC600E300E4 /* CSSSelector.m */; };
		4CDDC4C11004FEC600E300E4 /* CSSSelectorMatcher.m in Sources */ = {isa = PBXBuildFile; fileRef = 4CDDC4951004FEC600E300E4 /* CSSSelectorMatcher.m */; };
		4CDDC4C21004FEC600E300E4 /* CSSSelectorPart.m in Sources */ = {isa = PBXBuildFile; fileRef = 4CDDC4971004FEC600E300E4 /* CSSSelectorPart.m */; };
		4CDDC4C31004FEC600E300E4 /* DoctypeChunk.m in Sources */ = {isa = PBXBuildFile; fileRef = 4CDDC4991004FEC600E300E4 /* DoctypeChunk.m */; };
		4CDDC4C41004FEC600E300E4 /* DocumentRoot.m in Sources */ = {isa = PBXBuildFile; fileRef = 4CDDC49B1004FEC600E300E4 /* DocumentRoot.m */; };
		4CDDC4C51004FEC600E300E4 /* Element.m in Sources */ = {isa = PBXBuildFile; fileRef = 4CDDC49D1004FEC600E300E4 /* Element.m */; };
		4CDDC4C61004FEC600E300E4 /* ElementParser.m in Sources */ = {isa = PBXBuildFile; fileRef = 4CDDC49F1004FEC600E300E4 /* ElementParser.m */; };
		4CDDC4C71004FEC600E300E4 /* EntityChunk.m in Sources */ = {isa = PBXBuildFile; fileRef = 4CDDC4A11004FEC600E300E4 /* EntityChunk.m */; };
		4CDDC4C81004FEC600E300E4 /* HackerNewsAppDelegate.m in Sources */ = {isa = PBXBuildFile; fileRef = 4CDDC4A31004FEC600E300E4 /* HackerNewsAppDelegate.m */; };
		4CDDC4C91004FEC600E300E4 /* HN-masthead-light.png in Resources */ = {isa = PBXBuildFile; fileRef = 4CDDC4A41004FEC600E300E4 /* HN-masthead-light.png */; };
		4CDDC4CA1004FEC600E300E4 /* HN-masthead.png in Resources */ = {isa = PBXBuildFile; fileRef = 4CDDC4A51004FEC600E300E4 /* HN-masthead.png */; };
		4CDDC4CB1004FEC600E300E4 /* HNParser.m in Sources */ = {isa = PBXBuildFile; fileRef = 4CDDC4A71004FEC600E300E4 /* HNParser.m */; };
		4CDDC4CC1004FEC600E300E4 /* HNStory.m in Sources */ = {isa = PBXBuildFile; fileRef = 4CDDC4A91004FEC600E300E4 /* HNStory.m */; };
		4CDDC4CD1004FEC600E300E4 /* HNStoryTableViewCell.m in Sources */ = {isa = PBXBuildFile; fileRef = 4CDDC4AB1004FEC600E300E4 /* HNStoryTableViewCell.m */; };
		4CDDC4CE1004FEC600E300E4 /* HNStoryTableViewController.m in Sources */ = {isa = PBXBuildFile; fileRef = 4CDDC4AD1004FEC600E300E4 /* HNStoryTableViewController.m */; };
		4CDDC4CF1004FEC600E300E4 /* Icon.png in Resources */ = {isa = PBXBuildFile; fileRef = 4CDDC4AE1004FEC600E300E4 /* Icon.png */; };
		4CDDC4D11004FEC600E300E4 /* MainWindow.xib in Resources */ = {isa = PBXBuildFile; fileRef = 4CDDC4B01004FEC600E300E4 /* MainWindow.xib */; };
		4CDDC4D21004FEC600E300E4 /* NSString_HTML.m in Sources */ = {isa = PBXBuildFile; fileRef = 4CDDC4B21004FEC600E300E4 /* NSString_HTML.m */; };
		4CDDC4D31004FEC600E300E4 /* ProcessingInstructionChunk.m in Sources */ = {isa = PBXBuildFile; fileRef = 4CDDC4B41004FEC600E300E4 /* ProcessingInstructionChunk.m */; };
		4CDDC4D41004FEC600E300E4 /* TagChunk.m in Sources */ = {isa = PBXBuildFile; fileRef = 4CDDC4B71004FEC600E300E4 /* TagChunk.m */; };
		4CDDC4D51004FEC600E300E4 /* TxtChunk.m in Sources */ = {isa = PBXBuildFile; fileRef = 4CDDC4B91004FEC600E300E4 /* TxtChunk.m */; };
		4CDDC4D61004FEC600E300E4 /* URLParser.m in Sources */ = {isa = PBXBuildFile; fileRef = 4CDDC4BB1004FEC600E300E4 /* URLParser.m */; };
/* End PBXBuildFile section */

/* Begin PBXFileReference section */
		1D30AB110D05D00D00671497 /* Foundation.framework */ = {isa = PBXFileReference; lastKnownFileType = wrapper.framework; name = Foundation.framework; path = System/Library/Frameworks/Foundation.framework; sourceTree = SDKROOT; };
		1D6058910D05DD3D006BFB54 /* HackerNews.app */ = {isa = PBXFileReference; explicitFileType = wrapper.application; includeInIndex = 0; path = HackerNews.app; sourceTree = BUILT_PRODUCTS_DIR; };
		1DF5F4DF0D08C38300B7A737 /* UIKit.framework */ = {isa = PBXFileReference; lastKnownFileType = wrapper.framework; name = UIKit.framework; path = System/Library/Frameworks/UIKit.framework; sourceTree = SDKROOT; };
		288765A40DF7441C002DB57D /* CoreGraphics.framework */ = {isa = PBXFileReference; lastKnownFileType = wrapper.framework; name = CoreGraphics.framework; path = System/Library/Frameworks/CoreGraphics.framework; sourceTree = SDKROOT; };
		28C3AD890F43EF2300507BA6 /* HackerNews.xcdatamodel */ = {isa = PBXFileReference; fileEncoding = 4; lastKnownFileType = wrapper.xcdatamodel; path = HackerNews.xcdatamodel; sourceTree = "<group>"; };
		28D801B30F44B63D00FB423F /* CoreData.framework */ = {isa = PBXFileReference; lastKnownFileType = wrapper.framework; name = CoreData.framework; path = System/Library/Frameworks/CoreData.framework; sourceTree = SDKROOT; };
		29B97316FDCFA39411CA2CEA /* main.m */ = {isa = PBXFileReference; fileEncoding = 4; lastKnownFileType = sourcecode.c.objc; path = main.m; sourceTree = "<group>"; };
		32CA4F630368D1EE00C91783 /* HackerNews_Prefix.pch */ = {isa = PBXFileReference; fileEncoding = 4; lastKnownFileType = sourcecode.c.h; path = HackerNews_Prefix.pch; sourceTree = "<group>"; };
		4CDDC48A1004FEC600E300E4 /* CDataChunk.h */ = {isa = PBXFileReference; fileEncoding = 4; lastKnownFileType = sourcecode.c.h; path = CDataChunk.h; sourceTree = "<group>"; };
		4CDDC48B1004FEC600E300E4 /* CDataChunk.m */ = {isa = PBXFileReference; fileEncoding = 4; lastKnownFileType = sourcecode.c.objc; path = CDataChunk.m; sourceTree = "<group>"; };
		4CDDC48C1004FEC600E300E4 /* Chunk.h */ = {isa = PBXFileReference; fileEncoding = 4; lastKnownFileType = sourcecode.c.h; path = Chunk.h; sourceTree = "<group>"; };
		4CDDC48D1004FEC600E300E4 /* Chunk.m */ = {isa = PBXFileReference; fileEncoding = 4; lastKnownFileType = sourcecode.c.objc; path = Chunk.m; sourceTree = "<group>"; };
		4CDDC48E1004FEC600E300E4 /* CommentChunk.h */ = {isa = PBXFileReference; fileEncoding = 4; lastKnownFileType = sourcecode.c.h; path = CommentChunk.h; sourceTree = "<group>"; };
		4CDDC48F1004FEC600E300E4 /* CommentChunk.m */ = {isa = PBXFileReference; fileEncoding = 4; lastKnownFileType = sourcecode.c.objc; path = CommentChunk.m; sourceTree = "<group>"; };
		4CDDC4901004FEC600E300E4 /* CSSPartMatcher.h */ = {isa = PBXFileReference; fileEncoding = 4; lastKnownFileType = sourcecode.c.h; path = CSSPartMatcher.h; sourceTree = "<group>"; };
		4CDDC4911004FEC600E300E4 /* CSSPartMatcher.m */ = {isa = PBXFileReference; fileEncoding = 4; lastKnownFileType = sourcecode.c.objc; path = CSSPartMatcher.m; sourceTree = "<group>"; };
		4CDDC4921004FEC600E300E4 /* CSSSelector.h */ = {isa = PBXFileReference; fileEncoding = 4; lastKnownFileType = sourcecode.c.h; path = CSSSelector.h; sourceTree = "<group>"; };
		4CDDC4931004FEC600E300E4 /* CSSSelector.m */ = {isa = PBXFileReference; fileEncoding = 4; lastKnownFileType = sourcecode.c.objc; path = CSSSelector.m; sourceTree = "<group>"; };
		4CDDC4941004FEC600E300E4 /* CSSSelectorMatcher.h */ = {isa = PBXFileReference; fileEncoding = 4; lastKnownFileType = sourcecode.c.h; path = CSSSelectorMatcher.h; sourceTree = "<group>"; };
		4CDDC4951004FEC600E300E4 /* CSSSelectorMatcher.m */ = {isa = PBXFileReference; fileEncoding = 4; lastKnownFileType = sourcecode.c.objc; path = CSSSelectorMatcher.m; sourceTree = "<group>"; };
		4CDDC4961004FEC600E300E4 /* CSSSelectorPart.h */ = {isa = PBXFileReference; fileEncoding = 4; lastKnownFileType = sourcecode.c.h; path = CSSSelectorPart.h; sourceTree = "<group>"; };
		4CDDC4971004FEC600E300E4 /* CSSSelectorPart.m */ = {isa = PBXFileReference; fileEncoding = 4; lastKnownFileType = sourcecode.c.objc; path = CSSSelectorPart.m; sourceTree = "<group>"; };
		4CDDC4981004FEC600E300E4 /* DoctypeChunk.h */ = {isa = PBXFileReference; fileEncoding = 4; lastKnownFileType = sourcecode.c.h; path = DoctypeChunk.h; sourceTree = "<group>"; };
		4CDDC4991004FEC600E300E4 /* DoctypeChunk.m */ = {isa = PBXFileReference; fileEncoding = 4; lastKnownFileType = sourcecode.c.objc; path = DoctypeChunk.m; sourceTree = "<group>"; };
		4CDDC49A1004FEC600E300E4 /* DocumentRoot.h */ = {isa = PBXFileReference; fileEncoding = 4; lastKnownFileType = sourcecode.c.h; path = DocumentRoot.h; sourceTree = "<group>"; };
		4CDDC49B1004FEC600E300E4 /* DocumentRoot.m */ = {isa = PBXFileReference; fileEncoding = 4; lastKnownFileType = sourcecode.c.objc; path = DocumentRoot.m; sourceTree = "<group>"; };
		4CDDC49C1004FEC600E300E4 /* Element.h */ = {isa = PBXFileReference; fileEncoding = 4; lastKnownFileType = sourcecode.c.h; path = Element.h; sourceTree = "<group>"; };
		4CDDC49D1004FEC600E300E4 /* Element.m */ = {isa = PBXFileReference; fileEncoding = 4; lastKnownFileType = sourcecode.c.objc; path = Element.m; sourceTree = "<group>"; };
		4CDDC49E1004FEC600E300E4 /* ElementParser.h */ = {isa = PBXFileReference; fileEncoding = 4; lastKnownFileType = sourcecode.c.h; path = ElementParser.h; sourceTree = "<group>"; };
		4CDDC49F1004FEC600E300E4 /* ElementParser.m */ = {isa = PBXFileReference; fileEncoding = 4; lastKnownFileType = sourcecode.c.objc; path = ElementParser.m; sourceTree = "<group>"; };
		4CDDC4A01004FEC600E300E4 /* EntityChunk.h */ = {isa = PBXFileReference; fileEncoding = 4; lastKnownFileType = sourcecode.c.h; path = EntityChunk.h; sourceTree = "<group>"; };
		4CDDC4A11004FEC600E300E4 /* EntityChunk.m */ = {isa = PBXFileReference; fileEncoding = 4; lastKnownFileType = sourcecode.c.objc; path = EntityChunk.m; sourceTree = "<group>"; };
		4CDDC4A21004FEC600E300E4 /* HackerNewsAppDelegate.h */ = {isa = PBXFileReference; fileEncoding = 4; lastKnownFileType = sourcecode.c.h; path = HackerNewsAppDelegate.h; sourceTree = "<group>"; };
		4CDDC4A31004FEC600E300E4 /* HackerNewsAppDelegate.m */ = {isa = PBXFileReference; fileEncoding = 4; lastKnownFileType = sourcecode.c.objc; path = HackerNewsAppDelegate.m; sourceTree = "<group>"; };
		4CDDC4A41004FEC600E300E4 /* HN-masthead-light.png */ = {isa = PBXFileReference; lastKnownFileType = image.png; path = "HN-masthead-light.png"; sourceTree = "<group>"; };
		4CDDC4A51004FEC600E300E4 /* HN-masthead.png */ = {isa = PBXFileReference; lastKnownFileType = image.png; path = "HN-masthead.png"; sourceTree = "<group>"; };
		4CDDC4A61004FEC600E300E4 /* HNParser.h */ = {isa = PBXFileReference; fileEncoding = 4; lastKnownFileType = sourcecode.c.h; path = HNParser.h; sourceTree = "<group>"; };
		4CDDC4A71004FEC600E300E4 /* HNParser.m */ = {isa = PBXFileReference; fileEncoding = 4; lastKnownFileType = sourcecode.c.objc; path = HNParser.m; sourceTree = "<group>"; };
		4CDDC4A81004FEC600E300E4 /* HNStory.h */ = {isa = PBXFileReference; fileEncoding = 4; lastKnownFileType = sourcecode.c.h; path = HNStory.h; sourceTree = "<group>"; };
		4CDDC4A91004FEC600E300E4 /* HNStory.m */ = {isa = PBXFileReference; fileEncoding = 4; lastKnownFileType = sourcecode.c.objc; path = HNStory.m; sourceTree = "<group>"; };
		4CDDC4AA1004FEC600E300E4 /* HNStoryTableViewCell.h */ = {isa = PBXFileReference; fileEncoding = 4; lastKnownFileType = sourcecode.c.h; path = HNStoryTableViewCell.h; sourceTree = "<group>"; };
		4CDDC4AB1004FEC600E300E4 /* HNStoryTableViewCell.m */ = {isa = PBXFileReference; fileEncoding = 4; lastKnownFileType = sourcecode.c.objc; path = HNStoryTableViewCell.m; sourceTree = "<group>"; };
		4CDDC4AC1004FEC600E300E4 /* HNStoryTableViewController.h */ = {isa = PBXFileReference; fileEncoding = 4; lastKnownFileType = sourcecode.c.h; path = HNStoryTableViewController.h; sourceTree = "<group>"; };
		4CDDC4AD1004FEC600E300E4 /* HNStoryTableViewController.m */ = {isa = PBXFileReference; fileEncoding = 4; lastKnownFileType = sourcecode.c.objc; path = HNStoryTableViewController.m; sourceTree = "<group>"; };
		4CDDC4AE1004FEC600E300E4 /* Icon.png */ = {isa = PBXFileReference; lastKnownFileType = image.png; path = Icon.png; sourceTree = "<group>"; };
		4CDDC4B01004FEC600E300E4 /* MainWindow.xib */ = {isa = PBXFileReference; lastKnownFileType = file.xib; path = MainWindow.xib; sourceTree = "<group>"; };
		4CDDC4B11004FEC600E300E4 /* NSString_HTML.h */ = {isa = PBXFileReference; fileEncoding = 4; lastKnownFileType = sourcecode.c.h; path = NSString_HTML.h; sourceTree = "<group>"; };
		4CDDC4B21004FEC600E300E4 /* NSString_HTML.m */ = {isa = PBXFileReference; fileEncoding = 4; lastKnownFileType = sourcecode.c.objc; path = NSString_HTML.m; sourceTree = "<group>"; };
		4CDDC4B31004FEC600E300E4 /* ProcessingInstructionChunk.h */ = {isa = PBXFileReference; fileEncoding = 4; lastKnownFileType = sourcecode.c.h; path = ProcessingInstructionChunk.h; sourceTree = "<group>"; };
		4CDDC4B41004FEC600E300E4 /* ProcessingInstructionChunk.m */ = {isa = PBXFileReference; fileEncoding = 4; lastKnownFileType = sourcecode.c.objc; path = ProcessingInstructionChunk.m; sourceTree = "<group>"; };
		4CDDC4B51004FEC600E300E4 /* SynthesizeSingleton.h */ = {isa = PBXFileReference; fileEncoding = 4; lastKnownFileType = sourcecode.c.h; path = SynthesizeSingleton.h; sourceTree = "<group>"; };
		4CDDC4B61004FEC600E300E4 /* TagChunk.h */ = {isa = PBXFileReference; fileEncoding = 4; lastKnownFileType = sourcecode.c.h; path = TagChunk.h; sourceTree = "<group>"; };
		4CDDC4B71004FEC600E300E4 /* TagChunk.m */ = {isa = PBXFileReference; fileEncoding = 4; lastKnownFileType = sourcecode.c.objc; path = TagChunk.m; sourceTree = "<group>"; };
		4CDDC4B81004FEC600E300E4 /* TxtChunk.h */ = {isa = PBXFileReference; fileEncoding = 4; lastKnownFileType = sourcecode.c.h; path = TxtChunk.h; sourceTree = "<group>"; };
		4CDDC4B91004FEC600E300E4 /* TxtChunk.m */ = {isa = PBXFileReference; fileEncoding = 4; lastKnownFileType = sourcecode.c.objc; path = TxtChunk.m; sourceTree = "<group>"; };
		4CDDC4BA1004FEC600E300E4 /* URLParser.h */ = {isa = PBXFileReference; fileEncoding = 4; lastKnownFileType = sourcecode.c.h; path = URLParser.h; sourceTree = "<group>"; };
		4CDDC4BB1004FEC600E300E4 /* URLParser.m */ = {isa = PBXFileReference; fileEncoding = 4; lastKnownFileType = sourcecode.c.objc; path = URLParser.m; sourceTree = "<group>"; };
		8D1107310486CEB800E47090 /* HackerNews-Info.plist */ = {isa = PBXFileReference; fileEncoding = 4; lastKnownFileType = text.plist.xml; path = "HackerNews-Info.plist"; sourceTree = "<group>"; };
/* End PBXFileReference section */

/* Begin PBXFrameworksBuildPhase section */
		1D60588F0D05DD3D006BFB54 /* Frameworks */ = {
			isa = PBXFrameworksBuildPhase;
			buildActionMask = 2147483647;
			files = (
				1D60589F0D05DD5A006BFB54 /* Foundation.framework in Frameworks */,
				1DF5F4E00D08C38300B7A737 /* UIKit.framework in Frameworks */,
				288765A50DF7441C002DB57D /* CoreGraphics.framework in Frameworks */,
				28D801B40F44B63D00FB423F /* CoreData.framework in Frameworks */,
			);
			runOnlyForDeploymentPostprocessing = 0;
		};
/* End PBXFrameworksBuildPhase section */

/* Begin PBXGroup section */
		080E96DDFE201D6D7F000001 /* Classes */ = {
			isa = PBXGroup;
			children = (
				4CDDC48A1004FEC600E300E4 /* CDataChunk.h */,
				4CDDC48B1004FEC600E300E4 /* CDataChunk.m */,
				4CDDC48C1004FEC600E300E4 /* Chunk.h */,
				4CDDC48D1004FEC600E300E4 /* Chunk.m */,
				4CDDC48E1004FEC600E300E4 /* CommentChunk.h */,
				4CDDC48F1004FEC600E300E4 /* CommentChunk.m */,
				4CDDC4901004FEC600E300E4 /* CSSPartMatcher.h */,
				4CDDC4911004FEC600E300E4 /* CSSPartMatcher.m */,
				4CDDC4921004FEC600E300E4 /* CSSSelector.h */,
				4CDDC4931004FEC600E300E4 /* CSSSelector.m */,
				4CDDC4941004FEC600E300E4 /* CSSSelectorMatcher.h */,
				4CDDC4951004FEC600E300E4 /* CSSSelectorMatcher.m */,
				4CDDC4961004FEC600E300E4 /* CSSSelectorPart.h */,
				4CDDC4971004FEC600E300E4 /* CSSSelectorPart.m */,
				4CDDC4981004FEC600E300E4 /* DoctypeChunk.h */,
				4CDDC4991004FEC600E300E4 /* DoctypeChunk.m */,
				4CDDC49A1004FEC600E300E4 /* DocumentRoot.h */,
				4CDDC49B1004FEC600E300E4 /* DocumentRoot.m */,
				4CDDC49C1004FEC600E300E4 /* Element.h */,
				4CDDC49D1004FEC600E300E4 /* Element.m */,
				4CDDC49E1004FEC600E300E4 /* ElementParser.h */,
				4CDDC49F1004FEC600E300E4 /* ElementParser.m */,
				4CDDC4A01004FEC600E300E4 /* EntityChunk.h */,
				4CDDC4A11004FEC600E300E4 /* EntityChunk.m */,
				4CDDC4A21004FEC600E300E4 /* HackerNewsAppDelegate.h */,
				4CDDC4A31004FEC600E300E4 /* HackerNewsAppDelegate.m */,
				4CDDC4A41004FEC600E300E4 /* HN-masthead-light.png */,
				4CDDC4A51004FEC600E300E4 /* HN-masthead.png */,
				4CDDC4A61004FEC600E300E4 /* HNParser.h */,
				4CDDC4A71004FEC600E300E4 /* HNParser.m */,
				4CDDC4A81004FEC600E300E4 /* HNStory.h */,
				4CDDC4A91004FEC600E300E4 /* HNStory.m */,
				4CDDC4AA1004FEC600E300E4 /* HNStoryTableViewCell.h */,
				4CDDC4AB1004FEC600E300E4 /* HNStoryTableViewCell.m */,
				4CDDC4AC1004FEC600E300E4 /* HNStoryTableViewController.h */,
				4CDDC4AD1004FEC600E300E4 /* HNStoryTableViewController.m */,
				4CDDC4AE1004FEC600E300E4 /* Icon.png */,
				4CDDC4B01004FEC600E300E4 /* MainWindow.xib */,
				4CDDC4B11004FEC600E300E4 /* NSString_HTML.h */,
				4CDDC4B21004FEC600E300E4 /* NSString_HTML.m */,
				4CDDC4B31004FEC600E300E4 /* ProcessingInstructionChunk.h */,
				4CDDC4B41004FEC600E300E4 /* ProcessingInstructionChunk.m */,
				4CDDC4B51004FEC600E300E4 /* SynthesizeSingleton.h */,
				4CDDC4B61004FEC600E300E4 /* TagChunk.h */,
				4CDDC4B71004FEC600E300E4 /* TagChunk.m */,
				4CDDC4B81004FEC600E300E4 /* TxtChunk.h */,
				4CDDC4B91004FEC600E300E4 /* TxtChunk.m */,
				4CDDC4BA1004FEC600E300E4 /* URLParser.h */,
				4CDDC4BB1004FEC600E300E4 /* URLParser.m */,
			);
			path = Classes;
			sourceTree = "<group>";
		};
		19C28FACFE9D520D11CA2CBB /* Products */ = {
			isa = PBXGroup;
			children = (
				1D6058910D05DD3D006BFB54 /* HackerNews.app */,
			);
			name = Products;
			sourceTree = "<group>";
		};
		29B97314FDCFA39411CA2CEA /* CustomTemplate */ = {
			isa = PBXGroup;
			children = (
				080E96DDFE201D6D7F000001 /* Classes */,
				29B97315FDCFA39411CA2CEA /* Other Sources */,
				29B97317FDCFA39411CA2CEA /* Resources */,
				29B97323FDCFA39411CA2CEA /* Frameworks */,
				19C28FACFE9D520D11CA2CBB /* Products */,
			);
			name = CustomTemplate;
			sourceTree = "<group>";
		};
		29B97315FDCFA39411CA2CEA /* Other Sources */ = {
			isa = PBXGroup;
			children = (
				32CA4F630368D1EE00C91783 /* HackerNews_Prefix.pch */,
				29B97316FDCFA39411CA2CEA /* main.m */,
			);
			name = "Other Sources";
			sourceTree = "<group>";
		};
		29B97317FDCFA39411CA2CEA /* Resources */ = {
			isa = PBXGroup;
			children = (
				28C3AD890F43EF2300507BA6 /* HackerNews.xcdatamodel */,
				8D1107310486CEB800E47090 /* HackerNews-Info.plist */,
			);
			name = Resources;
			sourceTree = "<group>";
		};
		29B97323FDCFA39411CA2CEA /* Frameworks */ = {
			isa = PBXGroup;
			children = (
				1DF5F4DF0D08C38300B7A737 /* UIKit.framework */,
				1D30AB110D05D00D00671497 /* Foundation.framework */,
				288765A40DF7441C002DB57D /* CoreGraphics.framework */,
				28D801B30F44B63D00FB423F /* CoreData.framework */,
			);
			name = Frameworks;
			sourceTree = "<group>";
		};
/* End PBXGroup section */

/* Begin PBXNativeTarget section */
		1D6058900D05DD3D006BFB54 /* HackerNews */ = {
			isa = PBXNativeTarget;
			buildConfigurationList = 1D6058960D05DD3E006BFB54 /* Build configuration list for PBXNativeTarget "HackerNews" */;
			buildPhases = (
				1D60588D0D05DD3D006BFB54 /* Resources */,
				1D60588E0D05DD3D006BFB54 /* Sources */,
				1D60588F0D05DD3D006BFB54 /* Frameworks */,
			);
			buildRules = (
			);
			dependencies = (
			);
			name = HackerNews;
			productName = HackerNews;
			productReference = 1D6058910D05DD3D006BFB54 /* HackerNews.app */;
			productType = "com.apple.product-type.application";
		};
/* End PBXNativeTarget section */

/* Begin PBXProject section */
		29B97313FDCFA39411CA2CEA /* Project object */ = {
			isa = PBXProject;
			buildConfigurationList = C01FCF4E08A954540054247B /* Build configuration list for PBXProject "HackerNews" */;
			compatibilityVersion = "Xcode 3.1";
			hasScannedForEncodings = 1;
			mainGroup = 29B97314FDCFA39411CA2CEA /* CustomTemplate */;
			projectDirPath = "";
			projectRoot = "";
			targets = (
				1D6058900D05DD3D006BFB54 /* HackerNews */,
			);
		};
/* End PBXProject section */

/* Begin PBXResourcesBuildPhase section */
		1D60588D0D05DD3D006BFB54 /* Resources */ = {
			isa = PBXResourcesBuildPhase;
			buildActionMask = 2147483647;
			files = (
				4CDDC4C91004FEC600E300E4 /* HN-masthead-light.png in Resources */,
				4CDDC4CA1004FEC600E300E4 /* HN-masthead.png in Resources */,
				4CDDC4CF1004FEC600E300E4 /* Icon.png in Resources */,
				4CDDC4D11004FEC600E300E4 /* MainWindow.xib in Resources */,
			);
			runOnlyForDeploymentPostprocessing = 0;
		};
/* End PBXResourcesBuildPhase section */

/* Begin PBXSourcesBuildPhase section */
		1D60588E0D05DD3D006BFB54 /* Sources */ = {
			isa = PBXSourcesBuildPhase;
			buildActionMask = 2147483647;
			files = (
				1D60589B0D05DD56006BFB54 /* main.m in Sources */,
				28C3AD8A0F43EF2300507BA6 /* HackerNews.xcdatamodel in Sources */,
				4CDDC4BC1004FEC600E300E4 /* CDataChunk.m in Sources */,
				4CDDC4BD1004FEC600E300E4 /* Chunk.m in Sources */,
				4CDDC4BE1004FEC600E300E4 /* CommentChunk.m in Sources */,
				4CDDC4BF1004FEC600E300E4 /* CSSPartMatcher.m in Sources */,
				4CDDC4C01004FEC600E300E4 /* CSSSelector.m in Sources */,
				4CDDC4C11004FEC600E300E4 /* CSSSelectorMatcher.m in Sources */,
				4CDDC4C21004FEC600E300E4 /* CSSSelectorPart.m in Sources */,
				4CDDC4C31004FEC600E300E4 /* DoctypeChunk.m in Sources */,
				4CDDC4C41004FEC600E300E4 /* DocumentRoot.m in Sources */,
				4CDDC4C51004FEC600E300E4 /* Element.m in Sources */,
				4CDDC4C61004FEC600E300E4 /* ElementParser.m in Sources */,
				4CDDC4C71004FEC600E300E4 /* EntityChunk.m in Sources */,
				4CDDC4C81004FEC600E300E4 /* HackerNewsAppDelegate.m in Sources */,
				4CDDC4CB1004FEC600E300E4 /* HNParser.m in Sources */,
				4CDDC4CC1004FEC600E300E4 /* HNStory.m in Sources */,
				4CDDC4CD1004FEC600E300E4 /* HNStoryTableViewCell.m in Sources */,
				4CDDC4CE1004FEC600E300E4 /* HNStoryTableViewController.m in Sources */,
				4CDDC4D21004FEC600E300E4 /* NSString_HTML.m in Sources */,
				4CDDC4D31004FEC600E300E4 /* ProcessingInstructionChunk.m in Sources */,
				4CDDC4D41004FEC600E300E4 /* TagChunk.m in Sources */,
				4CDDC4D51004FEC600E300E4 /* TxtChunk.m in Sources */,
				4CDDC4D61004FEC600E300E4 /* URLParser.m in Sources */,
			);
			runOnlyForDeploymentPostprocessing = 0;
		};
/* End PBXSourcesBuildPhase section */

/* Begin XCBuildConfiguration section */
		1D6058940D05DD3E006BFB54 /* Debug */ = {
			isa = XCBuildConfiguration;
			buildSettings = {
				ALWAYS_SEARCH_USER_PATHS = NO;
				COPY_PHASE_STRIP = NO;
				FRAMEWORK_SEARCH_PATHS = (
					"$(inherited)",
					"\"/Volumes/Skiiing2/CD/ViewBased/Unknown Path/System/Library/Frameworks\"",
				);
				GCC_DYNAMIC_NO_PIC = NO;
				GCC_OPTIMIZATION_LEVEL = 0;
				GCC_PRECOMPILE_PREFIX_HEADER = YES;
				GCC_PREFIX_HEADER = HackerNews_Prefix.pch;
				INFOPLIST_FILE = "HackerNews-Info.plist";
				PRODUCT_NAME = HackerNews;
			};
			name = Debug;
		};
		1D6058950D05DD3E006BFB54 /* Release */ = {
			isa = XCBuildConfiguration;
			buildSettings = {
				ALWAYS_SEARCH_USER_PATHS = NO;
				COPY_PHASE_STRIP = YES;
				FRAMEWORK_SEARCH_PATHS = (
					"$(inherited)",
					"\"/Volumes/Skiiing2/CD/ViewBased/Unknown Path/System/Library/Frameworks\"",
				);
				GCC_PRECOMPILE_PREFIX_HEADER = YES;
				GCC_PREFIX_HEADER = HackerNews_Prefix.pch;
				INFOPLIST_FILE = "HackerNews-Info.plist";
				PRODUCT_NAME = HackerNews;
			};
			name = Release;
		};
		C01FCF4F08A954540054247B /* Debug */ = {
			isa = XCBuildConfiguration;
			buildSettings = {
				ARCHS = "$(ARCHS_STANDARD_32_BIT)";
				"CODE_SIGN_IDENTITY[sdk=iphoneos*]" = "iPhone Developer: Michael Grinich (2VXQ3CTUAY)";
				GCC_C_LANGUAGE_STANDARD = c99;
				GCC_VERSION = "";
				GCC_WARN_ABOUT_RETURN_TYPE = YES;
				GCC_WARN_UNUSED_VARIABLE = YES;
				PREBINDING = NO;
				"PROVISIONING_PROFILE[sdk=iphoneos*]" = "3C242592-1CF0-48EE-8641-F3723EA4C9BE";
				SDKROOT = iphoneos3.0;
			};
			name = Debug;
		};
		C01FCF5008A954540054247B /* Release */ = {
			isa = XCBuildConfiguration;
			buildSettings = {
				ARCHS = "$(ARCHS_STANDARD_32_BIT)";
				"CODE_SIGN_IDENTITY[sdk=iphoneos*]" = "iPhone Developer: Michael Grinich (2VXQ3CTUAY)";
				GCC_C_LANGUAGE_STANDARD = c99;
				GCC_VERSION = "";
				GCC_WARN_ABOUT_RETURN_TYPE = YES;
				GCC_WARN_UNUSED_VARIABLE = YES;
				PREBINDING = NO;
				"PROVISIONING_PROFILE[sdk=iphoneos*]" = "3C242592-1CF0-48EE-8641-F3723EA4C9BE";
				SDKROOT = iphoneos3.0;
			};
			name = Release;
		};
/* End XCBuildConfiguration section */

/* Begin XCConfigurationList section */
		1D6058960D05DD3E006BFB54 /* Build configuration list for PBXNativeTarget "HackerNews" */ = {
			isa = XCConfigurationList;
			buildConfigurations = (
				1D6058940D05DD3E006BFB54 /* Debug */,
				1D6058950D05DD3E006BFB54 /* Release */,
			);
			defaultConfigurationIsVisible = 0;
			defaultConfigurationName = Release;
		};
		C01FCF4E08A954540054247B /* Build configuration list for PBXProject "HackerNews" */ = {
			isa = XCConfigurationList;
			buildConfigurations = (
				C01FCF4F08A954540054247B /* Debug */,
				C01FCF5008A954540054247B /* Release */,
			);
			defaultConfigurationIsVisible = 0;
			defaultConfigurationName = Release;
		};
/* End XCConfigurationList section */
	};
	rootObject = 29B97313FDCFA39411CA2CEA /* Project object */;
}
