// !$*UTF8*$!
{
	archiveVersion = 1;
	classes = {
	};
	objectVersion = 46;
	objects = {

/* Begin PBXBuildFile section */
		1D60589B0D05DD56006BFB54 /* main.m in Sources */ = {isa = PBXBuildFile; fileRef = 29B97316FDCFA39411CA2CEA /* main.m */; };
		1D60589F0D05DD5A006BFB54 /* Foundation.framework in Frameworks */ = {isa = PBXBuildFile; fileRef = 1D30AB110D05D00D00671497 /* Foundation.framework */; };
		1DF5F4E00D08C38300B7A737 /* UIKit.framework in Frameworks */ = {isa = PBXBuildFile; fileRef = 1DF5F4DF0D08C38300B7A737 /* UIKit.framework */; };
		288765A50DF7441C002DB57D /* CoreGraphics.framework in Frameworks */ = {isa = PBXBuildFile; fileRef = 288765A40DF7441C002DB57D /* CoreGraphics.framework */; };
		28C3AD8A0F43EF2300507BA6 /* HackerNews.xcdatamodel in Sources */ = {isa = PBXBuildFile; fileRef = 28C3AD890F43EF2300507BA6 /* HackerNews.xcdatamodel */; };
		28D801B40F44B63D00FB423F /* CoreData.framework in Frameworks */ = {isa = PBXBuildFile; fileRef = 28D801B30F44B63D00FB423F /* CoreData.framework */; };
		4C0A1BA7100DBC6B009E7A11 /* HNCommentHeaderItem.m in Sources */ = {isa = PBXBuildFile; fileRef = 4C0A1BA6100DBC6B009E7A11 /* HNCommentHeaderItem.m */; };
		4C0A1BAA100DBC7C009E7A11 /* HNCommentHeaderItemCell.m in Sources */ = {isa = PBXBuildFile; fileRef = 4C0A1BA9100DBC7C009E7A11 /* HNCommentHeaderItemCell.m */; };
		4C125E99113205BA00C427B1 /* HNPostController.m in Sources */ = {isa = PBXBuildFile; fileRef = 4C125E98113205BA00C427B1 /* HNPostController.m */; };
		4C215E4610F942F1000DF584 /* NSStringAdditions.m in Sources */ = {isa = PBXBuildFile; fileRef = 4C215E4510F942F1000DF584 /* NSStringAdditions.m */; };
		4C241914100A6F990010D315 /* HNStoryDataSource.m in Sources */ = {isa = PBXBuildFile; fileRef = 4C241913100A6F990010D315 /* HNStoryDataSource.m */; };
		4C2C81021006EC6500D59E60 /* bugs&notes.txt in Resources */ = {isa = PBXBuildFile; fileRef = 4C2C81011006EC6500D59E60 /* bugs&notes.txt */; };
		4C3086FA105818A00094D034 /* libThree20.a in Frameworks */ = {isa = PBXBuildFile; fileRef = 4C3086AF1058176C0094D034 /* libThree20.a */; };
		4C3086FB105818A50094D034 /* libElementParser.a in Frameworks */ = {isa = PBXBuildFile; fileRef = 4C3086B8105817F10094D034 /* libElementParser.a */; };
		4C35D8DA100B94CC00358054 /* HNCommentsDataSource.m in Sources */ = {isa = PBXBuildFile; fileRef = 4C35D8D9100B94CC00358054 /* HNCommentsDataSource.m */; };
		4C41E69110105A6F000A7253 /* HNAuth.m in Sources */ = {isa = PBXBuildFile; fileRef = 4C41E69010105A6F000A7253 /* HNAuth.m */; };
		4C41E79D10106F5F000A7253 /* LoginViewController.m in Sources */ = {isa = PBXBuildFile; fileRef = 4C41E79C10106F5F000A7253 /* LoginViewController.m */; };
		4C4CA58D100E30460090D24D /* downvote.png in Resources */ = {isa = PBXBuildFile; fileRef = 4C4CA58B100E30460090D24D /* downvote.png */; };
		4C4CA59D100E30E00090D24D /* upvote.png in Resources */ = {isa = PBXBuildFile; fileRef = 4C4CA59C100E30E00090D24D /* upvote.png */; };
		4C4CA5B4100E31DE0090D24D /* upvote-big.png in Resources */ = {isa = PBXBuildFile; fileRef = 4C4CA5B3100E31DE0090D24D /* upvote-big.png */; };
		4C57D2CB100E7292001B8ADF /* reply.png in Resources */ = {isa = PBXBuildFile; fileRef = 4C57D2CA100E7292001B8ADF /* reply.png */; };
		4C5EB2B0100797B0001C9BDC /* comment-button.png in Resources */ = {isa = PBXBuildFile; fileRef = 4C5EB2AF100797B0001C9BDC /* comment-button.png */; };
		4C5EB5201007C2DB001C9BDC /* HNCommentsTableViewController.m in Sources */ = {isa = PBXBuildFile; fileRef = 4C5EB51F1007C2DB001C9BDC /* HNCommentsTableViewController.m */; };
		4C5EB5A41007D26A001C9BDC /* HNComment.m in Sources */ = {isa = PBXBuildFile; fileRef = 4C5EB5A31007D26A001C9BDC /* HNComment.m */; };
		4C61388010100BFF00914337 /* HNStoryModel.m in Sources */ = {isa = PBXBuildFile; fileRef = 4C61387F10100BFF00914337 /* HNStoryModel.m */; };
		4C613B26101040C900914337 /* HNCommentModel.m in Sources */ = {isa = PBXBuildFile; fileRef = 4C613B25101040C900914337 /* HNCommentModel.m */; };
		4C679FD210F2BF9F0025AFA0 /* HNWebController.m in Sources */ = {isa = PBXBuildFile; fileRef = 4C679FD110F2BF9F0025AFA0 /* HNWebController.m */; };
		4C679FFE10F2C3B50025AFA0 /* MessageUI.framework in Frameworks */ = {isa = PBXBuildFile; fileRef = 4C679FFD10F2C3B50025AFA0 /* MessageUI.framework */; };
		4C8E73A5100E7A7B0071A8BE /* SystemConfiguration.framework in Frameworks */ = {isa = PBXBuildFile; fileRef = 4C8E73A4100E7A7B0071A8BE /* SystemConfiguration.framework */; };
		4C90171310A62B9D00D9E354 /* Default.png in Resources */ = {isa = PBXBuildFile; fileRef = 4C90171210A62B9D00D9E354 /* Default.png */; };
		4C9CB67810157824002ECBD3 /* NSDictionary+UrlEncoding.m in Sources */ = {isa = PBXBuildFile; fileRef = 4C9CB67710157824002ECBD3 /* NSDictionary+UrlEncoding.m */; };
		4C9CB6F710158CD6002ECBD3 /* trash.png in Resources */ = {isa = PBXBuildFile; fileRef = 4C9CB6F610158CD6002ECBD3 /* trash.png */; };
		4CA2EFA0100755E700E8D387 /* Three20.bundle in Resources */ = {isa = PBXBuildFile; fileRef = 4CA2EF9F100755E700E8D387 /* Three20.bundle */; };
		4CA2EFB51007560200E8D387 /* QuartzCore.framework in Frameworks */ = {isa = PBXBuildFile; fileRef = 4CA2EFB41007560200E8D387 /* QuartzCore.framework */; };
		4CB5022A1009598200476948 /* HNStyle.m in Sources */ = {isa = PBXBuildFile; fileRef = 4CB502291009598200476948 /* HNStyle.m */; };
		4CB5049A1009A80600476948 /* HNCommentTableItemCell.m in Sources */ = {isa = PBXBuildFile; fileRef = 4CB504991009A80600476948 /* HNCommentTableItemCell.m */; };
		4CB509391009F7E600476948 /* HNCommentTableItem.m in Sources */ = {isa = PBXBuildFile; fileRef = 4CB509381009F7E600476948 /* HNCommentTableItem.m */; };
		4CB50B8A100A249300476948 /* HNStoryTableItem.m in Sources */ = {isa = PBXBuildFile; fileRef = 4CB50B89100A249300476948 /* HNStoryTableItem.m */; };
		4CB50BA3100A257C00476948 /* HNStoryTableItemCell.m in Sources */ = {isa = PBXBuildFile; fileRef = 4CB50BA2100A257C00476948 /* HNStoryTableItemCell.m */; };
		4CC37CAD112F941200FCE709 /* HNCommentReplyItem.m in Sources */ = {isa = PBXBuildFile; fileRef = 4CC37CAC112F941200FCE709 /* HNCommentReplyItem.m */; };
		4CD36F66101D2BB500E457A5 /* Icon.png in Resources */ = {isa = PBXBuildFile; fileRef = 4CD36F65101D2BB500E457A5 /* Icon.png */; };
		4CDDC4C81004FEC600E300E4 /* AppDelegate.m in Sources */ = {isa = PBXBuildFile; fileRef = 4CDDC4A31004FEC600E300E4 /* AppDelegate.m */; };
		4CDDC4C91004FEC600E300E4 /* HN-masthead-light.png in Resources */ = {isa = PBXBuildFile; fileRef = 4CDDC4A41004FEC600E300E4 /* HN-masthead-light.png */; };
		4CDDC4CA1004FEC600E300E4 /* HN-masthead.png in Resources */ = {isa = PBXBuildFile; fileRef = 4CDDC4A51004FEC600E300E4 /* HN-masthead.png */; };
		4CDDC4CC1004FEC600E300E4 /* HNStory.m in Sources */ = {isa = PBXBuildFile; fileRef = 4CDDC4A91004FEC600E300E4 /* HNStory.m */; };
		4CDDC4CE1004FEC600E300E4 /* HNStoryTableViewController.m in Sources */ = {isa = PBXBuildFile; fileRef = 4CDDC4AD1004FEC600E300E4 /* HNStoryTableViewController.m */; };
		4CE200D3112B79AF0053C995 /* MBProgressHUD.m in Sources */ = {isa = PBXBuildFile; fileRef = 4CE200D2112B79AF0053C995 /* MBProgressHUD.m */; };
/* End PBXBuildFile section */

/* Begin PBXContainerItemProxy section */
		4C3086AE1058176C0094D034 /* PBXContainerItemProxy */ = {
			isa = PBXContainerItemProxy;
			containerPortal = 4CA2EF791007549300E8D387 /* Three20.xcodeproj */;
			proxyType = 2;
			remoteGlobalIDString = BEF31F3A0F352DF5000DE5D2;
			remoteInfo = Three20;
		};
		4C3086B7105817F10094D034 /* PBXContainerItemProxy */ = {
			isa = PBXContainerItemProxy;
			containerPortal = 4C3086B0105817F10094D034 /* ElementParser.xcodeproj */;
			proxyType = 2;
			remoteGlobalIDString = D2AAC07E0554694100DB518D;
			remoteInfo = ElementParser;
		};
		4C3086B9105818900094D034 /* PBXContainerItemProxy */ = {
			isa = PBXContainerItemProxy;
			containerPortal = 4CA2EF791007549300E8D387 /* Three20.xcodeproj */;
			proxyType = 1;
			remoteGlobalIDString = BEF31F390F352DF5000DE5D2;
			remoteInfo = Three20;
		};
		4C3086BB105818930094D034 /* PBXContainerItemProxy */ = {
			isa = PBXContainerItemProxy;
			containerPortal = 4C3086B0105817F10094D034 /* ElementParser.xcodeproj */;
			proxyType = 1;
			remoteGlobalIDString = D2AAC07D0554694100DB518D;
			remoteInfo = ElementParser;
		};
		4CF1E4CF112F78D200E87882 /* PBXContainerItemProxy */ = {
			isa = PBXContainerItemProxy;
			containerPortal = 4CA2EF791007549300E8D387 /* Three20.xcodeproj */;
			proxyType = 2;
			remoteGlobalIDString = EB9E6C6210B6A8F800DE563C;
			remoteInfo = UnitTests;
		};
/* End PBXContainerItemProxy section */

/* Begin PBXFileReference section */
		1D30AB110D05D00D00671497 /* Foundation.framework */ = {isa = PBXFileReference; lastKnownFileType = wrapper.framework; name = Foundation.framework; path = System/Library/Frameworks/Foundation.framework; sourceTree = SDKROOT; };
		1D6058910D05DD3D006BFB54 /* HackerNews.app */ = {isa = PBXFileReference; explicitFileType = wrapper.application; includeInIndex = 0; path = HackerNews.app; sourceTree = BUILT_PRODUCTS_DIR; };
		1DF5F4DF0D08C38300B7A737 /* UIKit.framework */ = {isa = PBXFileReference; lastKnownFileType = wrapper.framework; name = UIKit.framework; path = System/Library/Frameworks/UIKit.framework; sourceTree = SDKROOT; };
		288765A40DF7441C002DB57D /* CoreGraphics.framework */ = {isa = PBXFileReference; lastKnownFileType = wrapper.framework; name = CoreGraphics.framework; path = System/Library/Frameworks/CoreGraphics.framework; sourceTree = SDKROOT; };
		28C3AD890F43EF2300507BA6 /* HackerNews.xcdatamodel */ = {isa = PBXFileReference; fileEncoding = 4; lastKnownFileType = wrapper.xcdatamodel; path = HackerNews.xcdatamodel; sourceTree = "<group>"; };
		28D801B30F44B63D00FB423F /* CoreData.framework */ = {isa = PBXFileReference; lastKnownFileType = wrapper.framework; name = CoreData.framework; path = System/Library/Frameworks/CoreData.framework; sourceTree = SDKROOT; };
		29B97316FDCFA39411CA2CEA /* main.m */ = {isa = PBXFileReference; fileEncoding = 4; lastKnownFileType = sourcecode.c.objc; path = main.m; sourceTree = "<group>"; };
		32CA4F630368D1EE00C91783 /* HackerNews_Prefix.pch */ = {isa = PBXFileReference; fileEncoding = 4; lastKnownFileType = sourcecode.c.h; path = HackerNews_Prefix.pch; sourceTree = "<group>"; };
		4C0A1BA5100DBC6B009E7A11 /* HNCommentHeaderItem.h */ = {isa = PBXFileReference; fileEncoding = 4; lastKnownFileType = sourcecode.c.h; path = HNCommentHeaderItem.h; sourceTree = "<group>"; };
		4C0A1BA6100DBC6B009E7A11 /* HNCommentHeaderItem.m */ = {isa = PBXFileReference; fileEncoding = 4; lastKnownFileType = sourcecode.c.objc; path = HNCommentHeaderItem.m; sourceTree = "<group>"; };
		4C0A1BA8100DBC7C009E7A11 /* HNCommentHeaderItemCell.h */ = {isa = PBXFileReference; fileEncoding = 4; lastKnownFileType = sourcecode.c.h; path = HNCommentHeaderItemCell.h; sourceTree = "<group>"; };
		4C0A1BA9100DBC7C009E7A11 /* HNCommentHeaderItemCell.m */ = {isa = PBXFileReference; fileEncoding = 4; lastKnownFileType = sourcecode.c.objc; path = HNCommentHeaderItemCell.m; sourceTree = "<group>"; };
		4C125E97113205BA00C427B1 /* HNPostController.h */ = {isa = PBXFileReference; fileEncoding = 4; lastKnownFileType = sourcecode.c.h; path = HNPostController.h; sourceTree = "<group>"; };
		4C125E98113205BA00C427B1 /* HNPostController.m */ = {isa = PBXFileReference; fileEncoding = 4; lastKnownFileType = sourcecode.c.objc; path = HNPostController.m; sourceTree = "<group>"; };
		4C215E4410F942F1000DF584 /* NSStringAdditions.h */ = {isa = PBXFileReference; fileEncoding = 4; lastKnownFileType = sourcecode.c.h; path = NSStringAdditions.h; sourceTree = "<group>"; };
		4C215E4510F942F1000DF584 /* NSStringAdditions.m */ = {isa = PBXFileReference; fileEncoding = 4; lastKnownFileType = sourcecode.c.objc; path = NSStringAdditions.m; sourceTree = "<group>"; };
		4C241912100A6F990010D315 /* HNStoryDataSource.h */ = {isa = PBXFileReference; fileEncoding = 4; lastKnownFileType = sourcecode.c.h; path = HNStoryDataSource.h; sourceTree = "<group>"; };
		4C241913100A6F990010D315 /* HNStoryDataSource.m */ = {isa = PBXFileReference; fileEncoding = 4; lastKnownFileType = sourcecode.c.objc; path = HNStoryDataSource.m; sourceTree = "<group>"; };
		4C2C81011006EC6500D59E60 /* bugs&notes.txt */ = {isa = PBXFileReference; fileEncoding = 4; lastKnownFileType = text; path = "bugs&notes.txt"; sourceTree = "<group>"; };
		4C3086B0105817F10094D034 /* ElementParser.xcodeproj */ = {isa = PBXFileReference; lastKnownFileType = "wrapper.pb-project"; name = ElementParser.xcodeproj; path = ../ElementParser/ElementParser.xcodeproj; sourceTree = SOURCE_ROOT; };
		4C35D8D8100B94CC00358054 /* HNCommentsDataSource.h */ = {isa = PBXFileReference; fileEncoding = 4; lastKnownFileType = sourcecode.c.h; path = HNCommentsDataSource.h; sourceTree = "<group>"; };
		4C35D8D9100B94CC00358054 /* HNCommentsDataSource.m */ = {isa = PBXFileReference; fileEncoding = 4; lastKnownFileType = sourcecode.c.objc; path = HNCommentsDataSource.m; sourceTree = "<group>"; };
		4C41E68F10105A6F000A7253 /* HNAuth.h */ = {isa = PBXFileReference; fileEncoding = 4; lastKnownFileType = sourcecode.c.h; path = HNAuth.h; sourceTree = "<group>"; };
		4C41E69010105A6F000A7253 /* HNAuth.m */ = {isa = PBXFileReference; fileEncoding = 4; lastKnownFileType = sourcecode.c.objc; path = HNAuth.m; sourceTree = "<group>"; };
		4C41E79B10106F5F000A7253 /* LoginViewController.h */ = {isa = PBXFileReference; fileEncoding = 4; lastKnownFileType = sourcecode.c.h; path = LoginViewController.h; sourceTree = "<group>"; };
		4C41E79C10106F5F000A7253 /* LoginViewController.m */ = {isa = PBXFileReference; fileEncoding = 4; lastKnownFileType = sourcecode.c.objc; path = LoginViewController.m; sourceTree = "<group>"; };
		4C4CA58B100E30460090D24D /* downvote.png */ = {isa = PBXFileReference; lastKnownFileType = image.png; path = downvote.png; sourceTree = "<group>"; };
		4C4CA59C100E30E00090D24D /* upvote.png */ = {isa = PBXFileReference; lastKnownFileType = image.png; path = upvote.png; sourceTree = "<group>"; };
		4C4CA5B3100E31DE0090D24D /* upvote-big.png */ = {isa = PBXFileReference; lastKnownFileType = image.png; path = "upvote-big.png"; sourceTree = "<group>"; };
		4C57D2CA100E7292001B8ADF /* reply.png */ = {isa = PBXFileReference; lastKnownFileType = image.png; path = reply.png; sourceTree = "<group>"; };
		4C5EB2AF100797B0001C9BDC /* comment-button.png */ = {isa = PBXFileReference; lastKnownFileType = image.png; path = "comment-button.png"; sourceTree = "<group>"; };
		4C5EB51E1007C2DB001C9BDC /* HNCommentsTableViewController.h */ = {isa = PBXFileReference; fileEncoding = 4; lastKnownFileType = sourcecode.c.h; path = HNCommentsTableViewController.h; sourceTree = "<group>"; };
		4C5EB51F1007C2DB001C9BDC /* HNCommentsTableViewController.m */ = {isa = PBXFileReference; fileEncoding = 4; lastKnownFileType = sourcecode.c.objc; path = HNCommentsTableViewController.m; sourceTree = "<group>"; };
		4C5EB5A21007D26A001C9BDC /* HNComment.h */ = {isa = PBXFileReference; fileEncoding = 4; lastKnownFileType = sourcecode.c.h; name = HNComment.h; path = Classes/HNComment.h; sourceTree = "<group>"; };
		4C5EB5A31007D26A001C9BDC /* HNComment.m */ = {isa = PBXFileReference; fileEncoding = 4; lastKnownFileType = sourcecode.c.objc; name = HNComment.m; path = Classes/HNComment.m; sourceTree = "<group>"; };
		4C61387E10100BFF00914337 /* HNStoryModel.h */ = {isa = PBXFileReference; fileEncoding = 4; lastKnownFileType = sourcecode.c.h; path = HNStoryModel.h; sourceTree = "<group>"; };
		4C61387F10100BFF00914337 /* HNStoryModel.m */ = {isa = PBXFileReference; fileEncoding = 4; lastKnownFileType = sourcecode.c.objc; path = HNStoryModel.m; sourceTree = "<group>"; };
		4C613B24101040C900914337 /* HNCommentModel.h */ = {isa = PBXFileReference; fileEncoding = 4; lastKnownFileType = sourcecode.c.h; path = HNCommentModel.h; sourceTree = "<group>"; };
		4C613B25101040C900914337 /* HNCommentModel.m */ = {isa = PBXFileReference; fileEncoding = 4; lastKnownFileType = sourcecode.c.objc; path = HNCommentModel.m; sourceTree = "<group>"; };
		4C679FD010F2BF9F0025AFA0 /* HNWebController.h */ = {isa = PBXFileReference; fileEncoding = 4; lastKnownFileType = sourcecode.c.h; path = HNWebController.h; sourceTree = "<group>"; };
		4C679FD110F2BF9F0025AFA0 /* HNWebController.m */ = {isa = PBXFileReference; fileEncoding = 4; lastKnownFileType = sourcecode.c.objc; path = HNWebController.m; sourceTree = "<group>"; };
		4C679FFD10F2C3B50025AFA0 /* MessageUI.framework */ = {isa = PBXFileReference; lastKnownFileType = wrapper.framework; name = MessageUI.framework; path = System/Library/Frameworks/MessageUI.framework; sourceTree = SDKROOT; };
		4C8E73A4100E7A7B0071A8BE /* SystemConfiguration.framework */ = {isa = PBXFileReference; lastKnownFileType = wrapper.framework; name = SystemConfiguration.framework; path = /System/Library/Frameworks/SystemConfiguration.framework; sourceTree = "<absolute>"; };
		4C90171210A62B9D00D9E354 /* Default.png */ = {isa = PBXFileReference; lastKnownFileType = image.png; path = Default.png; sourceTree = "<group>"; };
		4C9CB67610157824002ECBD3 /* NSDictionary+UrlEncoding.h */ = {isa = PBXFileReference; fileEncoding = 4; lastKnownFileType = sourcecode.c.h; path = "NSDictionary+UrlEncoding.h"; sourceTree = "<group>"; };
		4C9CB67710157824002ECBD3 /* NSDictionary+UrlEncoding.m */ = {isa = PBXFileReference; fileEncoding = 4; lastKnownFileType = sourcecode.c.objc; path = "NSDictionary+UrlEncoding.m"; sourceTree = "<group>"; };
		4C9CB6F610158CD6002ECBD3 /* trash.png */ = {isa = PBXFileReference; lastKnownFileType = image.png; path = trash.png; sourceTree = "<group>"; };
		4CA2EF791007549300E8D387 /* Three20.xcodeproj */ = {isa = PBXFileReference; lastKnownFileType = "wrapper.pb-project"; name = Three20.xcodeproj; path = ../three20/src/Three20.xcodeproj; sourceTree = "<group>"; };
		4CA2EF9F100755E700E8D387 /* Three20.bundle */ = {isa = PBXFileReference; lastKnownFileType = "wrapper.plug-in"; name = Three20.bundle; path = ../three20/src/Three20.bundle; sourceTree = SOURCE_ROOT; };
		4CA2EFB41007560200E8D387 /* QuartzCore.framework */ = {isa = PBXFileReference; lastKnownFileType = wrapper.framework; name = QuartzCore.framework; path = /System/Library/Frameworks/QuartzCore.framework; sourceTree = "<absolute>"; };
		4CB502281009598200476948 /* HNStyle.h */ = {isa = PBXFileReference; fileEncoding = 4; lastKnownFileType = sourcecode.c.h; name = HNStyle.h; path = ../HNStyle.h; sourceTree = "<group>"; };
		4CB502291009598200476948 /* HNStyle.m */ = {isa = PBXFileReference; fileEncoding = 4; lastKnownFileType = sourcecode.c.objc; name = HNStyle.m; path = ../HNStyle.m; sourceTree = "<group>"; };
		4CB504981009A80600476948 /* HNCommentTableItemCell.h */ = {isa = PBXFileReference; fileEncoding = 4; lastKnownFileType = sourcecode.c.h; path = HNCommentTableItemCell.h; sourceTree = "<group>"; };
		4CB504991009A80600476948 /* HNCommentTableItemCell.m */ = {isa = PBXFileReference; fileEncoding = 4; lastKnownFileType = sourcecode.c.objc; path = HNCommentTableItemCell.m; sourceTree = "<group>"; };
		4CB509371009F7E600476948 /* HNCommentTableItem.h */ = {isa = PBXFileReference; fileEncoding = 4; lastKnownFileType = sourcecode.c.h; path = HNCommentTableItem.h; sourceTree = "<group>"; };
		4CB509381009F7E600476948 /* HNCommentTableItem.m */ = {isa = PBXFileReference; fileEncoding = 4; lastKnownFileType = sourcecode.c.objc; path = HNCommentTableItem.m; sourceTree = "<group>"; };
		4CB50B88100A249300476948 /* HNStoryTableItem.h */ = {isa = PBXFileReference; fileEncoding = 4; lastKnownFileType = sourcecode.c.h; path = HNStoryTableItem.h; sourceTree = "<group>"; };
		4CB50B89100A249300476948 /* HNStoryTableItem.m */ = {isa = PBXFileReference; fileEncoding = 4; lastKnownFileType = sourcecode.c.objc; path = HNStoryTableItem.m; sourceTree = "<group>"; };
		4CB50BA1100A257C00476948 /* HNStoryTableItemCell.h */ = {isa = PBXFileReference; fileEncoding = 4; lastKnownFileType = sourcecode.c.h; path = HNStoryTableItemCell.h; sourceTree = "<group>"; };
		4CB50BA2100A257C00476948 /* HNStoryTableItemCell.m */ = {isa = PBXFileReference; fileEncoding = 4; lastKnownFileType = sourcecode.c.objc; path = HNStoryTableItemCell.m; sourceTree = "<group>"; };
		4CC37CAB112F941200FCE709 /* HNCommentReplyItem.h */ = {isa = PBXFileReference; fileEncoding = 4; lastKnownFileType = sourcecode.c.h; path = HNCommentReplyItem.h; sourceTree = "<group>"; };
		4CC37CAC112F941200FCE709 /* HNCommentReplyItem.m */ = {isa = PBXFileReference; fileEncoding = 4; lastKnownFileType = sourcecode.c.objc; path = HNCommentReplyItem.m; sourceTree = "<group>"; };
		4CD36F65101D2BB500E457A5 /* Icon.png */ = {isa = PBXFileReference; lastKnownFileType = image.png; path = Icon.png; sourceTree = "<group>"; };
		4CDDC4A21004FEC600E300E4 /* AppDelegate.h */ = {isa = PBXFileReference; fileEncoding = 4; lastKnownFileType = sourcecode.c.h; path = AppDelegate.h; sourceTree = "<group>"; };
		4CDDC4A31004FEC600E300E4 /* AppDelegate.m */ = {isa = PBXFileReference; fileEncoding = 4; lastKnownFileType = sourcecode.c.objc; path = AppDelegate.m; sourceTree = "<group>"; };
		4CDDC4A41004FEC600E300E4 /* HN-masthead-light.png */ = {isa = PBXFileReference; lastKnownFileType = image.png; name = "HN-masthead-light.png"; path = "Classes/HN-masthead-light.png"; sourceTree = "<group>"; };
		4CDDC4A51004FEC600E300E4 /* HN-masthead.png */ = {isa = PBXFileReference; lastKnownFileType = image.png; name = "HN-masthead.png"; path = "Classes/HN-masthead.png"; sourceTree = "<group>"; };
		4CDDC4A81004FEC600E300E4 /* HNStory.h */ = {isa = PBXFileReference; fileEncoding = 4; lastKnownFileType = sourcecode.c.h; name = HNStory.h; path = Classes/HNStory.h; sourceTree = "<group>"; };
		4CDDC4A91004FEC600E300E4 /* HNStory.m */ = {isa = PBXFileReference; fileEncoding = 4; lastKnownFileType = sourcecode.c.objc; name = HNStory.m; path = Classes/HNStory.m; sourceTree = "<group>"; };
		4CDDC4AC1004FEC600E300E4 /* HNStoryTableViewController.h */ = {isa = PBXFileReference; fileEncoding = 4; lastKnownFileType = sourcecode.c.h; name = HNStoryTableViewController.h; path = Classes/HNStoryTableViewController.h; sourceTree = "<group>"; };
		4CDDC4AD1004FEC600E300E4 /* HNStoryTableViewController.m */ = {isa = PBXFileReference; fileEncoding = 4; lastKnownFileType = sourcecode.c.objc; name = HNStoryTableViewController.m; path = Classes/HNStoryTableViewController.m; sourceTree = "<group>"; };
		4CDDC4B51004FEC600E300E4 /* SynthesizeSingleton.h */ = {isa = PBXFileReference; fileEncoding = 4; lastKnownFileType = sourcecode.c.h; name = SynthesizeSingleton.h; path = Classes/SynthesizeSingleton.h; sourceTree = "<group>"; };
		4CE200D1112B79AF0053C995 /* MBProgressHUD.h */ = {isa = PBXFileReference; fileEncoding = 4; lastKnownFileType = sourcecode.c.h; path = MBProgressHUD.h; sourceTree = "<group>"; };
		4CE200D2112B79AF0053C995 /* MBProgressHUD.m */ = {isa = PBXFileReference; fileEncoding = 4; lastKnownFileType = sourcecode.c.objc; path = MBProgressHUD.m; sourceTree = "<group>"; };
		8D1107310486CEB800E47090 /* Info.plist */ = {isa = PBXFileReference; fileEncoding = 4; lastKnownFileType = text.plist.xml; path = Info.plist; sourceTree = "<group>"; };
/* End PBXFileReference section */

/* Begin PBXFrameworksBuildPhase section */
		1D60588F0D05DD3D006BFB54 /* Frameworks */ = {
			isa = PBXFrameworksBuildPhase;
			buildActionMask = 2147483647;
			files = (
				1D60589F0D05DD5A006BFB54 /* Foundation.framework in Frameworks */,
				1DF5F4E00D08C38300B7A737 /* UIKit.framework in Frameworks */,
				288765A50DF7441C002DB57D /* CoreGraphics.framework in Frameworks */,
				28D801B40F44B63D00FB423F /* CoreData.framework in Frameworks */,
				4CA2EFB51007560200E8D387 /* QuartzCore.framework in Frameworks */,
				4C8E73A5100E7A7B0071A8BE /* SystemConfiguration.framework in Frameworks */,
				4C3086FA105818A00094D034 /* libThree20.a in Frameworks */,
				4C3086FB105818A50094D034 /* libElementParser.a in Frameworks */,
				4C679FFE10F2C3B50025AFA0 /* MessageUI.framework in Frameworks */,
			);
			runOnlyForDeploymentPostprocessing = 0;
		};
/* End PBXFrameworksBuildPhase section */

/* Begin PBXGroup section */
		080E96DDFE201D6D7F000001 /* Main Objects */ = {
			isa = PBXGroup;
			children = (
				4CDDC4A21004FEC600E300E4 /* AppDelegate.h */,
				4CDDC4A31004FEC600E300E4 /* AppDelegate.m */,
				4CB502281009598200476948 /* HNStyle.h */,
				4CB502291009598200476948 /* HNStyle.m */,
				4C41E68F10105A6F000A7253 /* HNAuth.h */,
				4C41E69010105A6F000A7253 /* HNAuth.m */,
				4C41E79B10106F5F000A7253 /* LoginViewController.h */,
				4C41E79C10106F5F000A7253 /* LoginViewController.m */,
				4C679FD010F2BF9F0025AFA0 /* HNWebController.h */,
				4C679FD110F2BF9F0025AFA0 /* HNWebController.m */,
			);
			name = "Main Objects";
			path = Classes;
			sourceTree = "<group>";
		};
		19C28FACFE9D520D11CA2CBB /* Products */ = {
			isa = PBXGroup;
			children = (
				1D6058910D05DD3D006BFB54 /* HackerNews.app */,
			);
			name = Products;
			sourceTree = "<group>";
		};
		29B97314FDCFA39411CA2CEA /* CustomTemplate */ = {
			isa = PBXGroup;
			children = (
				4C2C81011006EC6500D59E60 /* bugs&notes.txt */,
				080E96DDFE201D6D7F000001 /* Main Objects */,
				4CB509271009F7C300476948 /* Stories View */,
				4CB50B6B100A232B00476948 /* Comments View */,
				4CA53F9E100D4F5F008F70EC /* Images */,
				29B97317FDCFA39411CA2CEA /* Resources */,
				29B97315FDCFA39411CA2CEA /* Other Sources */,
				29B97323FDCFA39411CA2CEA /* Frameworks */,
				19C28FACFE9D520D11CA2CBB /* Products */,
			);
			name = CustomTemplate;
			sourceTree = "<group>";
		};
		29B97315FDCFA39411CA2CEA /* Other Sources */ = {
			isa = PBXGroup;
			children = (
				32CA4F630368D1EE00C91783 /* HackerNews_Prefix.pch */,
				29B97316FDCFA39411CA2CEA /* main.m */,
			);
			name = "Other Sources";
			sourceTree = "<group>";
		};
		29B97317FDCFA39411CA2CEA /* Resources */ = {
			isa = PBXGroup;
			children = (
				4CE200D1112B79AF0053C995 /* MBProgressHUD.h */,
				4CE200D2112B79AF0053C995 /* MBProgressHUD.m */,
				4CDDC4B51004FEC600E300E4 /* SynthesizeSingleton.h */,
				4C9CB67610157824002ECBD3 /* NSDictionary+UrlEncoding.h */,
				4C9CB67710157824002ECBD3 /* NSDictionary+UrlEncoding.m */,
				28C3AD890F43EF2300507BA6 /* HackerNews.xcdatamodel */,
				8D1107310486CEB800E47090 /* Info.plist */,
				4C90171210A62B9D00D9E354 /* Default.png */,
				4C215E4410F942F1000DF584 /* NSStringAdditions.h */,
				4C215E4510F942F1000DF584 /* NSStringAdditions.m */,
			);
			name = Resources;
			sourceTree = "<group>";
		};
		29B97323FDCFA39411CA2CEA /* Frameworks */ = {
			isa = PBXGroup;
			children = (
				4C8E73A4100E7A7B0071A8BE /* SystemConfiguration.framework */,
				4CA2EFB41007560200E8D387 /* QuartzCore.framework */,
				4C679FFD10F2C3B50025AFA0 /* MessageUI.framework */,
				4CA2EF9F100755E700E8D387 /* Three20.bundle */,
				4C3086B0105817F10094D034 /* ElementParser.xcodeproj */,
				4CA2EF791007549300E8D387 /* Three20.xcodeproj */,
				1DF5F4DF0D08C38300B7A737 /* UIKit.framework */,
				1D30AB110D05D00D00671497 /* Foundation.framework */,
				288765A40DF7441C002DB57D /* CoreGraphics.framework */,
				28D801B30F44B63D00FB423F /* CoreData.framework */,
			);
			name = Frameworks;
			sourceTree = "<group>";
		};
		4C3086AB1058176C0094D034 /* Products */ = {
			isa = PBXGroup;
			children = (
				4C3086AF1058176C0094D034 /* libThree20.a */,
				4CF1E4D0112F78D200E87882 /* UnitTests.octest */,
			);
			name = Products;
			sourceTree = "<group>";
		};
		4C3086B1105817F10094D034 /* Products */ = {
			isa = PBXGroup;
			children = (
				4C3086B8105817F10094D034 /* libElementParser.a */,
			);
			name = Products;
			sourceTree = "<group>";
		};
		4C8CCEF410CD403A007C7129 /* Header Item */ = {
			isa = PBXGroup;
			children = (
				4C0A1BA5100DBC6B009E7A11 /* HNCommentHeaderItem.h */,
				4C0A1BA6100DBC6B009E7A11 /* HNCommentHeaderItem.m */,
				4C0A1BA8100DBC7C009E7A11 /* HNCommentHeaderItemCell.h */,
				4C0A1BA9100DBC7C009E7A11 /* HNCommentHeaderItemCell.m */,
			);
			name = "Header Item";
			sourceTree = "<group>";
		};
		4C8CCEF610CD404D007C7129 /* Comment Item */ = {
			isa = PBXGroup;
			children = (
				4CB509371009F7E600476948 /* HNCommentTableItem.h */,
				4CB509381009F7E600476948 /* HNCommentTableItem.m */,
				4CB504981009A80600476948 /* HNCommentTableItemCell.h */,
				4CB504991009A80600476948 /* HNCommentTableItemCell.m */,
			);
			name = "Comment Item";
			sourceTree = "<group>";
		};
		4CA53F9E100D4F5F008F70EC /* Images */ = {
			isa = PBXGroup;
			children = (
				4C9CB6F610158CD6002ECBD3 /* trash.png */,
				4CD36F65101D2BB500E457A5 /* Icon.png */,
				4C57D2CA100E7292001B8ADF /* reply.png */,
				4C4CA5B3100E31DE0090D24D /* upvote-big.png */,
				4C4CA59C100E30E00090D24D /* upvote.png */,
				4C4CA58B100E30460090D24D /* downvote.png */,
				4C5EB2AF100797B0001C9BDC /* comment-button.png */,
				4CDDC4A41004FEC600E300E4 /* HN-masthead-light.png */,
				4CDDC4A51004FEC600E300E4 /* HN-masthead.png */,
			);
			name = Images;
			sourceTree = "<group>";
		};
		4CB509271009F7C300476948 /* Stories View */ = {
			isa = PBXGroup;
			children = (
				4CDDC4A81004FEC600E300E4 /* HNStory.h */,
				4CDDC4A91004FEC600E300E4 /* HNStory.m */,
				4CDDC4AC1004FEC600E300E4 /* HNStoryTableViewController.h */,
				4CDDC4AD1004FEC600E300E4 /* HNStoryTableViewController.m */,
				4CB50B88100A249300476948 /* HNStoryTableItem.h */,
				4CB50B89100A249300476948 /* HNStoryTableItem.m */,
				4CB50BA1100A257C00476948 /* HNStoryTableItemCell.h */,
				4CB50BA2100A257C00476948 /* HNStoryTableItemCell.m */,
				4C241912100A6F990010D315 /* HNStoryDataSource.h */,
				4C241913100A6F990010D315 /* HNStoryDataSource.m */,
				4C61387E10100BFF00914337 /* HNStoryModel.h */,
				4C61387F10100BFF00914337 /* HNStoryModel.m */,
			);
			name = "Stories View";
			sourceTree = "<group>";
		};
		4CB50B6B100A232B00476948 /* Comments View */ = {
			isa = PBXGroup;
			children = (
				4C8CCEF410CD403A007C7129 /* Header Item */,
				4C8CCEF610CD404D007C7129 /* Comment Item */,
				4C5EB51E1007C2DB001C9BDC /* HNCommentsTableViewController.h */,
				4C5EB51F1007C2DB001C9BDC /* HNCommentsTableViewController.m */,
				4C35D8D8100B94CC00358054 /* HNCommentsDataSource.h */,
				4C35D8D9100B94CC00358054 /* HNCommentsDataSource.m */,
				4C5EB5A21007D26A001C9BDC /* HNComment.h */,
				4C5EB5A31007D26A001C9BDC /* HNComment.m */,
				4C613B24101040C900914337 /* HNCommentModel.h */,
				4C613B25101040C900914337 /* HNCommentModel.m */,
				4CC37CAB112F941200FCE709 /* HNCommentReplyItem.h */,
				4CC37CAC112F941200FCE709 /* HNCommentReplyItem.m */,
				4C125E97113205BA00C427B1 /* HNPostController.h */,
				4C125E98113205BA00C427B1 /* HNPostController.m */,
			);
			name = "Comments View";
			sourceTree = "<group>";
		};
/* End PBXGroup section */

/* Begin PBXNativeTarget section */
		1D6058900D05DD3D006BFB54 /* HackerNews */ = {
			isa = PBXNativeTarget;
			buildConfigurationList = 1D6058960D05DD3E006BFB54 /* Build configuration list for PBXNativeTarget "HackerNews" */;
			buildPhases = (
				1D60588D0D05DD3D006BFB54 /* Resources */,
				1D60588E0D05DD3D006BFB54 /* Sources */,
				1D60588F0D05DD3D006BFB54 /* Frameworks */,
			);
			buildRules = (
			);
			dependencies = (
				4C3086BA105818900094D034 /* PBXTargetDependency */,
				4C3086BC105818930094D034 /* PBXTargetDependency */,
			);
			name = HackerNews;
			productName = HackerNews;
			productReference = 1D6058910D05DD3D006BFB54 /* HackerNews.app */;
			productType = "com.apple.product-type.application";
		};
/* End PBXNativeTarget section */

/* Begin PBXProject section */
		29B97313FDCFA39411CA2CEA /* Project object */ = {
			isa = PBXProject;
			attributes = {
				ORGANIZATIONNAME = "Michael Grinich";
			};
			buildConfigurationList = C01FCF4E08A954540054247B /* Build configuration list for PBXProject "HackerNews" */;
			compatibilityVersion = "Xcode 3.2";
			hasScannedForEncodings = 1;
			mainGroup = 29B97314FDCFA39411CA2CEA /* CustomTemplate */;
			projectDirPath = "";
			projectReferences = (
				{
					ProductGroup = 4C3086B1105817F10094D034 /* Products */;
					ProjectRef = 4C3086B0105817F10094D034 /* ElementParser.xcodeproj */;
				},
				{
					ProductGroup = 4C3086AB1058176C0094D034 /* Products */;
					ProjectRef = 4CA2EF791007549300E8D387 /* Three20.xcodeproj */;
				},
			);
			projectRoot = "";
			targets = (
				1D6058900D05DD3D006BFB54 /* HackerNews */,
			);
		};
/* End PBXProject section */

/* Begin PBXReferenceProxy section */
		4C3086AF1058176C0094D034 /* libThree20.a */ = {
			isa = PBXReferenceProxy;
			fileType = archive.ar;
			path = libThree20.a;
			remoteRef = 4C3086AE1058176C0094D034 /* PBXContainerItemProxy */;
			sourceTree = BUILT_PRODUCTS_DIR;
		};
		4C3086B8105817F10094D034 /* libElementParser.a */ = {
			isa = PBXReferenceProxy;
			fileType = archive.ar;
			path = libElementParser.a;
			remoteRef = 4C3086B7105817F10094D034 /* PBXContainerItemProxy */;
			sourceTree = BUILT_PRODUCTS_DIR;
		};
		4CF1E4D0112F78D200E87882 /* UnitTests.octest */ = {
			isa = PBXReferenceProxy;
			fileType = wrapper.cfbundle;
			path = UnitTests.octest;
			remoteRef = 4CF1E4CF112F78D200E87882 /* PBXContainerItemProxy */;
			sourceTree = BUILT_PRODUCTS_DIR;
		};
/* End PBXReferenceProxy section */

/* Begin PBXResourcesBuildPhase section */
		1D60588D0D05DD3D006BFB54 /* Resources */ = {
			isa = PBXResourcesBuildPhase;
			buildActionMask = 2147483647;
			files = (
				4CDDC4C91004FEC600E300E4 /* HN-masthead-light.png in Resources */,
				4CDDC4CA1004FEC600E300E4 /* HN-masthead.png in Resources */,
				4C2C81021006EC6500D59E60 /* bugs&notes.txt in Resources */,
				4CA2EFA0100755E700E8D387 /* Three20.bundle in Resources */,
				4C5EB2B0100797B0001C9BDC /* comment-button.png in Resources */,
				4C4CA58D100E30460090D24D /* downvote.png in Resources */,
				4C4CA59D100E30E00090D24D /* upvote.png in Resources */,
				4C4CA5B4100E31DE0090D24D /* upvote-big.png in Resources */,
				4C57D2CB100E7292001B8ADF /* reply.png in Resources */,
				4C9CB6F710158CD6002ECBD3 /* trash.png in Resources */,
				4CD36F66101D2BB500E457A5 /* Icon.png in Resources */,
				4C90171310A62B9D00D9E354 /* Default.png in Resources */,
			);
			runOnlyForDeploymentPostprocessing = 0;
		};
/* End PBXResourcesBuildPhase section */

/* Begin PBXSourcesBuildPhase section */
		1D60588E0D05DD3D006BFB54 /* Sources */ = {
			isa = PBXSourcesBuildPhase;
			buildActionMask = 2147483647;
			files = (
				1D60589B0D05DD56006BFB54 /* main.m in Sources */,
				28C3AD8A0F43EF2300507BA6 /* HackerNews.xcdatamodel in Sources */,
				4CDDC4C81004FEC600E300E4 /* AppDelegate.m in Sources */,
				4CDDC4CC1004FEC600E300E4 /* HNStory.m in Sources */,
				4CDDC4CE1004FEC600E300E4 /* HNStoryTableViewController.m in Sources */,
				4C5EB5201007C2DB001C9BDC /* HNCommentsTableViewController.m in Sources */,
				4C5EB5A41007D26A001C9BDC /* HNComment.m in Sources */,
				4CB5022A1009598200476948 /* HNStyle.m in Sources */,
				4CB5049A1009A80600476948 /* HNCommentTableItemCell.m in Sources */,
				4CB509391009F7E600476948 /* HNCommentTableItem.m in Sources */,
				4CB50B8A100A249300476948 /* HNStoryTableItem.m in Sources */,
				4CB50BA3100A257C00476948 /* HNStoryTableItemCell.m in Sources */,
				4C241914100A6F990010D315 /* HNStoryDataSource.m in Sources */,
				4C35D8DA100B94CC00358054 /* HNCommentsDataSource.m in Sources */,
				4C0A1BA7100DBC6B009E7A11 /* HNCommentHeaderItem.m in Sources */,
				4C0A1BAA100DBC7C009E7A11 /* HNCommentHeaderItemCell.m in Sources */,
				4C61388010100BFF00914337 /* HNStoryModel.m in Sources */,
				4C613B26101040C900914337 /* HNCommentModel.m in Sources */,
				4C41E69110105A6F000A7253 /* HNAuth.m in Sources */,
				4C41E79D10106F5F000A7253 /* LoginViewController.m in Sources */,
				4C9CB67810157824002ECBD3 /* NSDictionary+UrlEncoding.m in Sources */,
				4C679FD210F2BF9F0025AFA0 /* HNWebController.m in Sources */,
				4C215E4610F942F1000DF584 /* NSStringAdditions.m in Sources */,
				4CE200D3112B79AF0053C995 /* MBProgressHUD.m in Sources */,
				4CC37CAD112F941200FCE709 /* HNCommentReplyItem.m in Sources */,
				4C125E99113205BA00C427B1 /* HNPostController.m in Sources */,
			);
			runOnlyForDeploymentPostprocessing = 0;
		};
/* End PBXSourcesBuildPhase section */

/* Begin PBXTargetDependency section */
		4C3086BA105818900094D034 /* PBXTargetDependency */ = {
			isa = PBXTargetDependency;
			name = Three20;
			targetProxy = 4C3086B9105818900094D034 /* PBXContainerItemProxy */;
		};
		4C3086BC105818930094D034 /* PBXTargetDependency */ = {
			isa = PBXTargetDependency;
			name = ElementParser;
			targetProxy = 4C3086BB105818930094D034 /* PBXContainerItemProxy */;
		};
/* End PBXTargetDependency section */

/* Begin XCBuildConfiguration section */
		1D6058940D05DD3E006BFB54 /* Debug */ = {
			isa = XCBuildConfiguration;
			buildSettings = {
				ALWAYS_SEARCH_USER_PATHS = NO;
				COPY_PHASE_STRIP = NO;
				FRAMEWORK_SEARCH_PATHS = (
					"$(inherited)",
					"\"/Volumes/Skiiing2/CD/ViewBased/Unknown Path/System/Library/Frameworks\"",
				);
				GCC_DYNAMIC_NO_PIC = NO;
				GCC_OPTIMIZATION_LEVEL = 0;
				GCC_PRECOMPILE_PREFIX_HEADER = YES;
				GCC_PREFIX_HEADER = HackerNews_Prefix.pch;
				GCC_VERSION = "";
				INFOPLIST_FILE = Info.plist;
				OTHER_CFLAGS = "-DDEBUG";
				PRODUCT_NAME = HackerNews;
			};
			name = Debug;
		};
		1D6058950D05DD3E006BFB54 /* Release */ = {
			isa = XCBuildConfiguration;
			buildSettings = {
				ALWAYS_SEARCH_USER_PATHS = NO;
				COPY_PHASE_STRIP = YES;
				FRAMEWORK_SEARCH_PATHS = (
					"$(inherited)",
					"\"/Volumes/Skiiing2/CD/ViewBased/Unknown Path/System/Library/Frameworks\"",
				);
				GCC_PRECOMPILE_PREFIX_HEADER = YES;
				GCC_PREFIX_HEADER = HackerNews_Prefix.pch;
				GCC_VERSION = "";
				INFOPLIST_FILE = Info.plist;
				PRODUCT_NAME = HackerNews;
			};
			name = Release;
		};
		C01FCF4F08A954540054247B /* Debug */ = {
			isa = XCBuildConfiguration;
			buildSettings = {
				ARCHS = "$(ARCHS_STANDARD_32_BIT)";
				"CODE_SIGN_IDENTITY[sdk=iphoneos*]" = "iPhone Developer";
				GCC_C_LANGUAGE_STANDARD = c99;
				GCC_VERSION = com.apple.compilers.llvm.clang.1_0;
				GCC_WARN_ABOUT_RETURN_TYPE = YES;
				GCC_WARN_UNUSED_VARIABLE = YES;
				HEADER_SEARCH_PATHS = (
					"../ElementParser/**",
					"../three20/src/**",
				);
				OTHER_LDFLAGS = (
					"-ObjC",
					"-all_load",
				);
				PREBINDING = NO;
				"PROVISIONING_PROFILE[sdk=iphoneos*]" = "";
				SDKROOT = iphoneos3.0;
			};
			name = Debug;
		};
		C01FCF5008A954540054247B /* Release */ = {
			isa = XCBuildConfiguration;
			buildSettings = {
				ARCHS = "$(ARCHS_STANDARD_32_BIT)";
				"CODE_SIGN_IDENTITY[sdk=iphoneos*]" = "iPhone Developer";
				GCC_C_LANGUAGE_STANDARD = c99;
				GCC_VERSION = com.apple.compilers.llvm.clang.1_0;
				GCC_WARN_ABOUT_RETURN_TYPE = YES;
				GCC_WARN_UNUSED_VARIABLE = YES;
				HEADER_SEARCH_PATHS = (
					"../ElementParser/**",
					"../three20/src/**",
				);
				OTHER_LDFLAGS = (
					"-ObjC",
					"-all_load",
				);
				PREBINDING = NO;
				"PROVISIONING_PROFILE[sdk=iphoneos*]" = "";
				SDKROOT = iphoneos3.0;
			};
			name = Release;
		};
/* End XCBuildConfiguration section */

/* Begin XCConfigurationList section */
		1D6058960D05DD3E006BFB54 /* Build configuration list for PBXNativeTarget "HackerNews" */ = {
			isa = XCConfigurationList;
			buildConfigurations = (
				1D6058940D05DD3E006BFB54 /* Debug */,
				1D6058950D05DD3E006BFB54 /* Release */,
			);
			defaultConfigurationIsVisible = 0;
			defaultConfigurationName = Release;
		};
		C01FCF4E08A954540054247B /* Build configuration list for PBXProject "HackerNews" */ = {
			isa = XCConfigurationList;
			buildConfigurations = (
				C01FCF4F08A954540054247B /* Debug */,
				C01FCF5008A954540054247B /* Release */,
			);
			defaultConfigurationIsVisible = 0;
			defaultConfigurationName = Release;
		};
/* End XCConfigurationList section */
	};
	rootObject = 29B97313FDCFA39411CA2CEA /* Project object */;
}
